// !$*UTF8*$!
{
	archiveVersion = 1;
	classes = {
	};
	objectVersion = 56;
	objects = {

/* Begin PBXBuildFile section */
		3F9B44EF2AD28B3800D8787C /* Color+Theme.swift in Sources */ = {isa = PBXBuildFile; fileRef = 3F9B44EE2AD28B3800D8787C /* Color+Theme.swift */; };
		3FF77A5B2ACEC53A001F6CC2 /* Test.swift in Sources */ = {isa = PBXBuildFile; fileRef = 3FF77A5A2ACEC53A001F6CC2 /* Test.swift */; };
		3FF77A5D2ACEC53F001F6CC2 /* Test1.swift in Sources */ = {isa = PBXBuildFile; fileRef = 3FF77A5C2ACEC53F001F6CC2 /* Test1.swift */; };
		AB01C3CB2AD809B7008C3160 /* LottieView.swift in Sources */ = {isa = PBXBuildFile; fileRef = AB01C3CA2AD809B7008C3160 /* LottieView.swift */; };
		AB01C3CE2AD80A4D008C3160 /* Lottie in Frameworks */ = {isa = PBXBuildFile; productRef = AB01C3CD2AD80A4D008C3160 /* Lottie */; };
		AB7BED942ACD4B770071BF10 /* PoofApp.swift in Sources */ = {isa = PBXBuildFile; fileRef = AB7BED932ACD4B770071BF10 /* PoofApp.swift */; };
		AB7BED962ACD4B770071BF10 /* ContentView.swift in Sources */ = {isa = PBXBuildFile; fileRef = AB7BED952ACD4B770071BF10 /* ContentView.swift */; };
		AB7BED982ACD4B780071BF10 /* Assets.xcassets in Resources */ = {isa = PBXBuildFile; fileRef = AB7BED972ACD4B780071BF10 /* Assets.xcassets */; };
		AB7BED9B2ACD4B780071BF10 /* Preview Assets.xcassets in Resources */ = {isa = PBXBuildFile; fileRef = AB7BED9A2ACD4B780071BF10 /* Preview Assets.xcassets */; };
		AB7BEDA52ACD4B780071BF10 /* PoofTests.swift in Sources */ = {isa = PBXBuildFile; fileRef = AB7BEDA42ACD4B780071BF10 /* PoofTests.swift */; };
		AB7BEDAF2ACD4B780071BF10 /* PoofUITests.swift in Sources */ = {isa = PBXBuildFile; fileRef = AB7BEDAE2ACD4B780071BF10 /* PoofUITests.swift */; };
		AB7BEDB12ACD4B780071BF10 /* PoofUITestsLaunchTests.swift in Sources */ = {isa = PBXBuildFile; fileRef = AB7BEDB02ACD4B780071BF10 /* PoofUITestsLaunchTests.swift */; };
		AB7BEDBE2ACD4C940071BF10 /* InhalerTabView.swift in Sources */ = {isa = PBXBuildFile; fileRef = AB7BEDBD2ACD4C940071BF10 /* InhalerTabView.swift */; };
		AB7BEDC02ACD4CB10071BF10 /* SummaryTabView.swift in Sources */ = {isa = PBXBuildFile; fileRef = AB7BEDBF2ACD4CB10071BF10 /* SummaryTabView.swift */; };
		AB7BEDC22ACD4CC90071BF10 /* RecommendationTabView.swift in Sources */ = {isa = PBXBuildFile; fileRef = AB7BEDC12ACD4CC90071BF10 /* RecommendationTabView.swift */; };
		AB7BEDC62ACD500C0071BF10 /* OnboardingView.swift in Sources */ = {isa = PBXBuildFile; fileRef = AB7BEDC52ACD500C0071BF10 /* OnboardingView.swift */; };
		AB7BEDC82ACD51000071BF10 /* PairDeviceView.swift in Sources */ = {isa = PBXBuildFile; fileRef = AB7BEDC72ACD51000071BF10 /* PairDeviceView.swift */; };
		AB7BEDD22ACD56680071BF10 /* Component.swift in Sources */ = {isa = PBXBuildFile; fileRef = AB7BEDD12ACD56680071BF10 /* Component.swift */; };
		AB7BEDD42ACD5ADD0071BF10 /* Font.swift in Sources */ = {isa = PBXBuildFile; fileRef = AB7BEDD32ACD5ADD0071BF10 /* Font.swift */; };
		AB7BEDD62ACD67720071BF10 /* LoginView.swift in Sources */ = {isa = PBXBuildFile; fileRef = AB7BEDD52ACD67720071BF10 /* LoginView.swift */; };
		AB7BEDD82ACD6F8C0071BF10 /* Router.swift in Sources */ = {isa = PBXBuildFile; fileRef = AB7BEDD72ACD6F8C0071BF10 /* Router.swift */; };
		AB7BEDDA2ACD71370071BF10 /* SecondView.swift in Sources */ = {isa = PBXBuildFile; fileRef = AB7BEDD92ACD71370071BF10 /* SecondView.swift */; };
		AB7BEDDF2ACD7A8A0071BF10 /* ViewModel.swift in Sources */ = {isa = PBXBuildFile; fileRef = AB7BEDDE2ACD7A8A0071BF10 /* ViewModel.swift */; };
		AB7BEDE12ACD7E6C0071BF10 /* TabBarView.swift in Sources */ = {isa = PBXBuildFile; fileRef = AB7BEDE02ACD7E6C0071BF10 /* TabBarView.swift */; };
/* End PBXBuildFile section */

/* Begin PBXContainerItemProxy section */
		AB7BEDA12ACD4B780071BF10 /* PBXContainerItemProxy */ = {
			isa = PBXContainerItemProxy;
			containerPortal = AB7BED882ACD4B770071BF10 /* Project object */;
			proxyType = 1;
			remoteGlobalIDString = AB7BED8F2ACD4B770071BF10;
			remoteInfo = Poof;
		};
		AB7BEDAB2ACD4B780071BF10 /* PBXContainerItemProxy */ = {
			isa = PBXContainerItemProxy;
			containerPortal = AB7BED882ACD4B770071BF10 /* Project object */;
			proxyType = 1;
			remoteGlobalIDString = AB7BED8F2ACD4B770071BF10;
			remoteInfo = Poof;
		};
/* End PBXContainerItemProxy section */

/* Begin PBXFileReference section */
		3F9B44EE2AD28B3800D8787C /* Color+Theme.swift */ = {isa = PBXFileReference; lastKnownFileType = sourcecode.swift; path = "Color+Theme.swift"; sourceTree = "<group>"; };
		3FF77A5A2ACEC53A001F6CC2 /* Test.swift */ = {isa = PBXFileReference; lastKnownFileType = sourcecode.swift; path = Test.swift; sourceTree = "<group>"; };
		3FF77A5C2ACEC53F001F6CC2 /* Test1.swift */ = {isa = PBXFileReference; lastKnownFileType = sourcecode.swift; path = Test1.swift; sourceTree = "<group>"; };
		AB01C3CA2AD809B7008C3160 /* LottieView.swift */ = {isa = PBXFileReference; lastKnownFileType = sourcecode.swift; path = LottieView.swift; sourceTree = "<group>"; };
		AB7BED902ACD4B770071BF10 /* Poof.app */ = {isa = PBXFileReference; explicitFileType = wrapper.application; includeInIndex = 0; path = Poof.app; sourceTree = BUILT_PRODUCTS_DIR; };
		AB7BED932ACD4B770071BF10 /* PoofApp.swift */ = {isa = PBXFileReference; lastKnownFileType = sourcecode.swift; path = PoofApp.swift; sourceTree = "<group>"; };
		AB7BED952ACD4B770071BF10 /* ContentView.swift */ = {isa = PBXFileReference; lastKnownFileType = sourcecode.swift; path = ContentView.swift; sourceTree = "<group>"; };
		AB7BED972ACD4B780071BF10 /* Assets.xcassets */ = {isa = PBXFileReference; lastKnownFileType = folder.assetcatalog; path = Assets.xcassets; sourceTree = "<group>"; };
		AB7BED9A2ACD4B780071BF10 /* Preview Assets.xcassets */ = {isa = PBXFileReference; lastKnownFileType = folder.assetcatalog; path = "Preview Assets.xcassets"; sourceTree = "<group>"; };
		AB7BEDA02ACD4B780071BF10 /* PoofTests.xctest */ = {isa = PBXFileReference; explicitFileType = wrapper.cfbundle; includeInIndex = 0; path = PoofTests.xctest; sourceTree = BUILT_PRODUCTS_DIR; };
		AB7BEDA42ACD4B780071BF10 /* PoofTests.swift */ = {isa = PBXFileReference; lastKnownFileType = sourcecode.swift; path = PoofTests.swift; sourceTree = "<group>"; };
		AB7BEDAA2ACD4B780071BF10 /* PoofUITests.xctest */ = {isa = PBXFileReference; explicitFileType = wrapper.cfbundle; includeInIndex = 0; path = PoofUITests.xctest; sourceTree = BUILT_PRODUCTS_DIR; };
		AB7BEDAE2ACD4B780071BF10 /* PoofUITests.swift */ = {isa = PBXFileReference; lastKnownFileType = sourcecode.swift; path = PoofUITests.swift; sourceTree = "<group>"; };
		AB7BEDB02ACD4B780071BF10 /* PoofUITestsLaunchTests.swift */ = {isa = PBXFileReference; lastKnownFileType = sourcecode.swift; path = PoofUITestsLaunchTests.swift; sourceTree = "<group>"; };
		AB7BEDBD2ACD4C940071BF10 /* InhalerTabView.swift */ = {isa = PBXFileReference; lastKnownFileType = sourcecode.swift; path = InhalerTabView.swift; sourceTree = "<group>"; };
		AB7BEDBF2ACD4CB10071BF10 /* SummaryTabView.swift */ = {isa = PBXFileReference; lastKnownFileType = sourcecode.swift; path = SummaryTabView.swift; sourceTree = "<group>"; };
		AB7BEDC12ACD4CC90071BF10 /* RecommendationTabView.swift */ = {isa = PBXFileReference; lastKnownFileType = sourcecode.swift; path = RecommendationTabView.swift; sourceTree = "<group>"; };
		AB7BEDC52ACD500C0071BF10 /* OnboardingView.swift */ = {isa = PBXFileReference; lastKnownFileType = sourcecode.swift; path = OnboardingView.swift; sourceTree = "<group>"; };
		AB7BEDC72ACD51000071BF10 /* PairDeviceView.swift */ = {isa = PBXFileReference; lastKnownFileType = sourcecode.swift; path = PairDeviceView.swift; sourceTree = "<group>"; };
		AB7BEDD12ACD56680071BF10 /* Component.swift */ = {isa = PBXFileReference; lastKnownFileType = sourcecode.swift; path = Component.swift; sourceTree = "<group>"; };
		AB7BEDD32ACD5ADD0071BF10 /* Font.swift */ = {isa = PBXFileReference; lastKnownFileType = sourcecode.swift; path = Font.swift; sourceTree = "<group>"; };
		AB7BEDD52ACD67720071BF10 /* LoginView.swift */ = {isa = PBXFileReference; lastKnownFileType = sourcecode.swift; path = LoginView.swift; sourceTree = "<group>"; };
		AB7BEDD72ACD6F8C0071BF10 /* Router.swift */ = {isa = PBXFileReference; lastKnownFileType = sourcecode.swift; path = Router.swift; sourceTree = "<group>"; };
		AB7BEDD92ACD71370071BF10 /* SecondView.swift */ = {isa = PBXFileReference; lastKnownFileType = sourcecode.swift; path = SecondView.swift; sourceTree = "<group>"; };
		AB7BEDDE2ACD7A8A0071BF10 /* ViewModel.swift */ = {isa = PBXFileReference; lastKnownFileType = sourcecode.swift; path = ViewModel.swift; sourceTree = "<group>"; };
		AB7BEDE02ACD7E6C0071BF10 /* TabBarView.swift */ = {isa = PBXFileReference; lastKnownFileType = sourcecode.swift; path = TabBarView.swift; sourceTree = "<group>"; };
/* End PBXFileReference section */

/* Begin PBXFrameworksBuildPhase section */
		AB7BED8D2ACD4B770071BF10 /* Frameworks */ = {
			isa = PBXFrameworksBuildPhase;
			buildActionMask = 2147483647;
			files = (
				AB01C3CE2AD80A4D008C3160 /* Lottie in Frameworks */,
			);
			runOnlyForDeploymentPostprocessing = 0;
		};
		AB7BED9D2ACD4B780071BF10 /* Frameworks */ = {
			isa = PBXFrameworksBuildPhase;
			buildActionMask = 2147483647;
			files = (
			);
			runOnlyForDeploymentPostprocessing = 0;
		};
		AB7BEDA72ACD4B780071BF10 /* Frameworks */ = {
			isa = PBXFrameworksBuildPhase;
			buildActionMask = 2147483647;
			files = (
			);
			runOnlyForDeploymentPostprocessing = 0;
		};
/* End PBXFrameworksBuildPhase section */

/* Begin PBXGroup section */
		AB7BED872ACD4B770071BF10 = {
			isa = PBXGroup;
			children = (
				AB7BED922ACD4B770071BF10 /* Poof */,
				AB7BEDA32ACD4B780071BF10 /* PoofTests */,
				AB7BEDAD2ACD4B780071BF10 /* PoofUITests */,
				AB7BED912ACD4B770071BF10 /* Products */,
			);
			sourceTree = "<group>";
		};
		AB7BED912ACD4B770071BF10 /* Products */ = {
			isa = PBXGroup;
			children = (
				AB7BED902ACD4B770071BF10 /* Poof.app */,
				AB7BEDA02ACD4B780071BF10 /* PoofTests.xctest */,
				AB7BEDAA2ACD4B780071BF10 /* PoofUITests.xctest */,
			);
			name = Products;
			sourceTree = "<group>";
		};
		AB7BED922ACD4B770071BF10 /* Poof */ = {
			isa = PBXGroup;
			children = (
				AB7BEDD02ACD53430071BF10 /* Preview Content */,
				AB7BEDCC2ACD52940071BF10 /* Data */,
				AB7BEDCD2ACD529E0071BF10 /* Domain */,
				AB7BEDC92ACD524A0071BF10 /* Presentation */,
				AB7BEDCF2ACD52B80071BF10 /* Application */,
				AB7BEDCE2ACD52B20071BF10 /* Resources */,
			);
			path = Poof;
			sourceTree = "<group>";
		};
		AB7BEDA32ACD4B780071BF10 /* PoofTests */ = {
			isa = PBXGroup;
			children = (
				AB7BEDA42ACD4B780071BF10 /* PoofTests.swift */,
			);
			path = PoofTests;
			sourceTree = "<group>";
		};
		AB7BEDAD2ACD4B780071BF10 /* PoofUITests */ = {
			isa = PBXGroup;
			children = (
				AB7BEDAE2ACD4B780071BF10 /* PoofUITests.swift */,
				AB7BEDB02ACD4B780071BF10 /* PoofUITestsLaunchTests.swift */,
			);
			path = PoofUITests;
			sourceTree = "<group>";
		};
		AB7BEDC92ACD524A0071BF10 /* Presentation */ = {
			isa = PBXGroup;
			children = (
				AB7BEDDD2ACD7A800071BF10 /* ViewModel */,
				AB7BEDD12ACD56680071BF10 /* Component.swift */,
				AB7BEDD72ACD6F8C0071BF10 /* Router.swift */,
				AB7BEDD92ACD71370071BF10 /* SecondView.swift */,
				AB7BEDCA2ACD52500071BF10 /* View */,
			);
			path = Presentation;
			sourceTree = "<group>";
		};
		AB7BEDCA2ACD52500071BF10 /* View */ = {
			isa = PBXGroup;
			children = (
				AB7BED952ACD4B770071BF10 /* ContentView.swift */,
				AB7BEDC52ACD500C0071BF10 /* OnboardingView.swift */,
				AB7BEDD52ACD67720071BF10 /* LoginView.swift */,
				AB7BEDC72ACD51000071BF10 /* PairDeviceView.swift */,
				AB7BEDE02ACD7E6C0071BF10 /* TabBarView.swift */,
				AB7BEDBD2ACD4C940071BF10 /* InhalerTabView.swift */,
				AB7BEDBF2ACD4CB10071BF10 /* SummaryTabView.swift */,
				AB7BEDC12ACD4CC90071BF10 /* RecommendationTabView.swift */,
				AB01C3CA2AD809B7008C3160 /* LottieView.swift */,
			);
			path = View;
			sourceTree = "<group>";
		};
		AB7BEDCC2ACD52940071BF10 /* Data */ = {
			isa = PBXGroup;
			children = (
				3FF77A5A2ACEC53A001F6CC2 /* Test.swift */,
			);
			path = Data;
			sourceTree = "<group>";
		};
		AB7BEDCD2ACD529E0071BF10 /* Domain */ = {
			isa = PBXGroup;
			children = (
				3FF77A5C2ACEC53F001F6CC2 /* Test1.swift */,
			);
			path = Domain;
			sourceTree = "<group>";
		};
		AB7BEDCE2ACD52B20071BF10 /* Resources */ = {
			isa = PBXGroup;
			children = (
				3F9B44EE2AD28B3800D8787C /* Color+Theme.swift */,
				AB7BEDD32ACD5ADD0071BF10 /* Font.swift */,
				AB7BED972ACD4B780071BF10 /* Assets.xcassets */,
			);
			path = Resources;
			sourceTree = "<group>";
		};
		AB7BEDCF2ACD52B80071BF10 /* Application */ = {
			isa = PBXGroup;
			children = (
				AB7BED932ACD4B770071BF10 /* PoofApp.swift */,
			);
			path = Application;
			sourceTree = "<group>";
		};
		AB7BEDD02ACD53430071BF10 /* Preview Content */ = {
			isa = PBXGroup;
			children = (
				AB7BED9A2ACD4B780071BF10 /* Preview Assets.xcassets */,
			);
			path = "Preview Content";
			sourceTree = "<group>";
		};
		AB7BEDDD2ACD7A800071BF10 /* ViewModel */ = {
			isa = PBXGroup;
			children = (
				AB7BEDDE2ACD7A8A0071BF10 /* ViewModel.swift */,
			);
			path = ViewModel;
			sourceTree = "<group>";
		};
/* End PBXGroup section */

/* Begin PBXNativeTarget section */
		AB7BED8F2ACD4B770071BF10 /* Poof */ = {
			isa = PBXNativeTarget;
			buildConfigurationList = AB7BEDB42ACD4B780071BF10 /* Build configuration list for PBXNativeTarget "Poof" */;
			buildPhases = (
				AB7BED8C2ACD4B770071BF10 /* Sources */,
				AB7BED8D2ACD4B770071BF10 /* Frameworks */,
				AB7BED8E2ACD4B770071BF10 /* Resources */,
			);
			buildRules = (
			);
			dependencies = (
			);
			name = Poof;
			packageProductDependencies = (
				AB01C3CD2AD80A4D008C3160 /* Lottie */,
			);
			productName = Poof;
			productReference = AB7BED902ACD4B770071BF10 /* Poof.app */;
			productType = "com.apple.product-type.application";
		};
		AB7BED9F2ACD4B780071BF10 /* PoofTests */ = {
			isa = PBXNativeTarget;
			buildConfigurationList = AB7BEDB72ACD4B780071BF10 /* Build configuration list for PBXNativeTarget "PoofTests" */;
			buildPhases = (
				AB7BED9C2ACD4B780071BF10 /* Sources */,
				AB7BED9D2ACD4B780071BF10 /* Frameworks */,
				AB7BED9E2ACD4B780071BF10 /* Resources */,
			);
			buildRules = (
			);
			dependencies = (
				AB7BEDA22ACD4B780071BF10 /* PBXTargetDependency */,
			);
			name = PoofTests;
			productName = PoofTests;
			productReference = AB7BEDA02ACD4B780071BF10 /* PoofTests.xctest */;
			productType = "com.apple.product-type.bundle.unit-test";
		};
		AB7BEDA92ACD4B780071BF10 /* PoofUITests */ = {
			isa = PBXNativeTarget;
			buildConfigurationList = AB7BEDBA2ACD4B780071BF10 /* Build configuration list for PBXNativeTarget "PoofUITests" */;
			buildPhases = (
				AB7BEDA62ACD4B780071BF10 /* Sources */,
				AB7BEDA72ACD4B780071BF10 /* Frameworks */,
				AB7BEDA82ACD4B780071BF10 /* Resources */,
			);
			buildRules = (
			);
			dependencies = (
				AB7BEDAC2ACD4B780071BF10 /* PBXTargetDependency */,
			);
			name = PoofUITests;
			productName = PoofUITests;
			productReference = AB7BEDAA2ACD4B780071BF10 /* PoofUITests.xctest */;
			productType = "com.apple.product-type.bundle.ui-testing";
		};
/* End PBXNativeTarget section */

/* Begin PBXProject section */
		AB7BED882ACD4B770071BF10 /* Project object */ = {
			isa = PBXProject;
			attributes = {
				BuildIndependentTargetsInParallel = 1;
				LastSwiftUpdateCheck = 1500;
				LastUpgradeCheck = 1500;
				TargetAttributes = {
					AB7BED8F2ACD4B770071BF10 = {
						CreatedOnToolsVersion = 15.0;
					};
					AB7BED9F2ACD4B780071BF10 = {
						CreatedOnToolsVersion = 15.0;
						TestTargetID = AB7BED8F2ACD4B770071BF10;
					};
					AB7BEDA92ACD4B780071BF10 = {
						CreatedOnToolsVersion = 15.0;
						TestTargetID = AB7BED8F2ACD4B770071BF10;
					};
				};
			};
			buildConfigurationList = AB7BED8B2ACD4B770071BF10 /* Build configuration list for PBXProject "Poof" */;
			compatibilityVersion = "Xcode 14.0";
			developmentRegion = en;
			hasScannedForEncodings = 0;
			knownRegions = (
				en,
				Base,
			);
			mainGroup = AB7BED872ACD4B770071BF10;
			packageReferences = (
				AB01C3CC2AD80A4D008C3160 /* XCRemoteSwiftPackageReference "lottie-ios" */,
			);
			productRefGroup = AB7BED912ACD4B770071BF10 /* Products */;
			projectDirPath = "";
			projectRoot = "";
			targets = (
				AB7BED8F2ACD4B770071BF10 /* Poof */,
				AB7BED9F2ACD4B780071BF10 /* PoofTests */,
				AB7BEDA92ACD4B780071BF10 /* PoofUITests */,
			);
		};
/* End PBXProject section */

/* Begin PBXResourcesBuildPhase section */
		AB7BED8E2ACD4B770071BF10 /* Resources */ = {
			isa = PBXResourcesBuildPhase;
			buildActionMask = 2147483647;
			files = (
				AB7BED9B2ACD4B780071BF10 /* Preview Assets.xcassets in Resources */,
				AB7BED982ACD4B780071BF10 /* Assets.xcassets in Resources */,
			);
			runOnlyForDeploymentPostprocessing = 0;
		};
		AB7BED9E2ACD4B780071BF10 /* Resources */ = {
			isa = PBXResourcesBuildPhase;
			buildActionMask = 2147483647;
			files = (
			);
			runOnlyForDeploymentPostprocessing = 0;
		};
		AB7BEDA82ACD4B780071BF10 /* Resources */ = {
			isa = PBXResourcesBuildPhase;
			buildActionMask = 2147483647;
			files = (
			);
			runOnlyForDeploymentPostprocessing = 0;
		};
/* End PBXResourcesBuildPhase section */

/* Begin PBXSourcesBuildPhase section */
		AB7BED8C2ACD4B770071BF10 /* Sources */ = {
			isa = PBXSourcesBuildPhase;
			buildActionMask = 2147483647;
			files = (
				AB7BEDBE2ACD4C940071BF10 /* InhalerTabView.swift in Sources */,
				3F9B44EF2AD28B3800D8787C /* Color+Theme.swift in Sources */,
				AB7BEDD22ACD56680071BF10 /* Component.swift in Sources */,
				AB7BEDD42ACD5ADD0071BF10 /* Font.swift in Sources */,
				AB7BEDC22ACD4CC90071BF10 /* RecommendationTabView.swift in Sources */,
				AB7BEDD82ACD6F8C0071BF10 /* Router.swift in Sources */,
				AB7BED962ACD4B770071BF10 /* ContentView.swift in Sources */,
				3FF77A5B2ACEC53A001F6CC2 /* Test.swift in Sources */,
				3FF77A5D2ACEC53F001F6CC2 /* Test1.swift in Sources */,
				AB7BED942ACD4B770071BF10 /* PoofApp.swift in Sources */,
				AB7BEDC02ACD4CB10071BF10 /* SummaryTabView.swift in Sources */,
				AB01C3CB2AD809B7008C3160 /* LottieView.swift in Sources */,
				AB7BEDE12ACD7E6C0071BF10 /* TabBarView.swift in Sources */,
				AB7BEDDF2ACD7A8A0071BF10 /* ViewModel.swift in Sources */,
				AB7BEDD62ACD67720071BF10 /* LoginView.swift in Sources */,
				AB7BEDC82ACD51000071BF10 /* PairDeviceView.swift in Sources */,
				AB7BEDDA2ACD71370071BF10 /* SecondView.swift in Sources */,
				AB7BEDC62ACD500C0071BF10 /* OnboardingView.swift in Sources */,
			);
			runOnlyForDeploymentPostprocessing = 0;
		};
		AB7BED9C2ACD4B780071BF10 /* Sources */ = {
			isa = PBXSourcesBuildPhase;
			buildActionMask = 2147483647;
			files = (
				AB7BEDA52ACD4B780071BF10 /* PoofTests.swift in Sources */,
			);
			runOnlyForDeploymentPostprocessing = 0;
		};
		AB7BEDA62ACD4B780071BF10 /* Sources */ = {
			isa = PBXSourcesBuildPhase;
			buildActionMask = 2147483647;
			files = (
				AB7BEDB12ACD4B780071BF10 /* PoofUITestsLaunchTests.swift in Sources */,
				AB7BEDAF2ACD4B780071BF10 /* PoofUITests.swift in Sources */,
			);
			runOnlyForDeploymentPostprocessing = 0;
		};
/* End PBXSourcesBuildPhase section */

/* Begin PBXTargetDependency section */
		AB7BEDA22ACD4B780071BF10 /* PBXTargetDependency */ = {
			isa = PBXTargetDependency;
			target = AB7BED8F2ACD4B770071BF10 /* Poof */;
			targetProxy = AB7BEDA12ACD4B780071BF10 /* PBXContainerItemProxy */;
		};
		AB7BEDAC2ACD4B780071BF10 /* PBXTargetDependency */ = {
			isa = PBXTargetDependency;
			target = AB7BED8F2ACD4B770071BF10 /* Poof */;
			targetProxy = AB7BEDAB2ACD4B780071BF10 /* PBXContainerItemProxy */;
		};
/* End PBXTargetDependency section */

/* Begin XCBuildConfiguration section */
		AB7BEDB22ACD4B780071BF10 /* Debug */ = {
			isa = XCBuildConfiguration;
			buildSettings = {
				ALWAYS_SEARCH_USER_PATHS = NO;
				ASSETCATALOG_COMPILER_GENERATE_SWIFT_ASSET_SYMBOL_EXTENSIONS = YES;
				CLANG_ANALYZER_NONNULL = YES;
				CLANG_ANALYZER_NUMBER_OBJECT_CONVERSION = YES_AGGRESSIVE;
				CLANG_CXX_LANGUAGE_STANDARD = "gnu++20";
				CLANG_ENABLE_MODULES = YES;
				CLANG_ENABLE_OBJC_ARC = YES;
				CLANG_ENABLE_OBJC_WEAK = YES;
				CLANG_WARN_BLOCK_CAPTURE_AUTORELEASING = YES;
				CLANG_WARN_BOOL_CONVERSION = YES;
				CLANG_WARN_COMMA = YES;
				CLANG_WARN_CONSTANT_CONVERSION = YES;
				CLANG_WARN_DEPRECATED_OBJC_IMPLEMENTATIONS = YES;
				CLANG_WARN_DIRECT_OBJC_ISA_USAGE = YES_ERROR;
				CLANG_WARN_DOCUMENTATION_COMMENTS = YES;
				CLANG_WARN_EMPTY_BODY = YES;
				CLANG_WARN_ENUM_CONVERSION = YES;
				CLANG_WARN_INFINITE_RECURSION = YES;
				CLANG_WARN_INT_CONVERSION = YES;
				CLANG_WARN_NON_LITERAL_NULL_CONVERSION = YES;
				CLANG_WARN_OBJC_IMPLICIT_RETAIN_SELF = YES;
				CLANG_WARN_OBJC_LITERAL_CONVERSION = YES;
				CLANG_WARN_OBJC_ROOT_CLASS = YES_ERROR;
				CLANG_WARN_QUOTED_INCLUDE_IN_FRAMEWORK_HEADER = YES;
				CLANG_WARN_RANGE_LOOP_ANALYSIS = YES;
				CLANG_WARN_STRICT_PROTOTYPES = YES;
				CLANG_WARN_SUSPICIOUS_MOVE = YES;
				CLANG_WARN_UNGUARDED_AVAILABILITY = YES_AGGRESSIVE;
				CLANG_WARN_UNREACHABLE_CODE = YES;
				CLANG_WARN__DUPLICATE_METHOD_MATCH = YES;
				COPY_PHASE_STRIP = NO;
				DEBUG_INFORMATION_FORMAT = dwarf;
				ENABLE_STRICT_OBJC_MSGSEND = YES;
				ENABLE_TESTABILITY = YES;
				ENABLE_USER_SCRIPT_SANDBOXING = YES;
				GCC_C_LANGUAGE_STANDARD = gnu17;
				GCC_DYNAMIC_NO_PIC = NO;
				GCC_NO_COMMON_BLOCKS = YES;
				GCC_OPTIMIZATION_LEVEL = 0;
				GCC_PREPROCESSOR_DEFINITIONS = (
					"DEBUG=1",
					"$(inherited)",
				);
				GCC_WARN_64_TO_32_BIT_CONVERSION = YES;
				GCC_WARN_ABOUT_RETURN_TYPE = YES_ERROR;
				GCC_WARN_UNDECLARED_SELECTOR = YES;
				GCC_WARN_UNINITIALIZED_AUTOS = YES_AGGRESSIVE;
				GCC_WARN_UNUSED_FUNCTION = YES;
				GCC_WARN_UNUSED_VARIABLE = YES;
				IPHONEOS_DEPLOYMENT_TARGET = 17.0;
				LOCALIZATION_PREFERS_STRING_CATALOGS = YES;
				MTL_ENABLE_DEBUG_INFO = INCLUDE_SOURCE;
				MTL_FAST_MATH = YES;
				ONLY_ACTIVE_ARCH = YES;
				SDKROOT = iphoneos;
				SWIFT_ACTIVE_COMPILATION_CONDITIONS = "DEBUG $(inherited)";
				SWIFT_OPTIMIZATION_LEVEL = "-Onone";
			};
			name = Debug;
		};
		AB7BEDB32ACD4B780071BF10 /* Release */ = {
			isa = XCBuildConfiguration;
			buildSettings = {
				ALWAYS_SEARCH_USER_PATHS = NO;
				ASSETCATALOG_COMPILER_GENERATE_SWIFT_ASSET_SYMBOL_EXTENSIONS = YES;
				CLANG_ANALYZER_NONNULL = YES;
				CLANG_ANALYZER_NUMBER_OBJECT_CONVERSION = YES_AGGRESSIVE;
				CLANG_CXX_LANGUAGE_STANDARD = "gnu++20";
				CLANG_ENABLE_MODULES = YES;
				CLANG_ENABLE_OBJC_ARC = YES;
				CLANG_ENABLE_OBJC_WEAK = YES;
				CLANG_WARN_BLOCK_CAPTURE_AUTORELEASING = YES;
				CLANG_WARN_BOOL_CONVERSION = YES;
				CLANG_WARN_COMMA = YES;
				CLANG_WARN_CONSTANT_CONVERSION = YES;
				CLANG_WARN_DEPRECATED_OBJC_IMPLEMENTATIONS = YES;
				CLANG_WARN_DIRECT_OBJC_ISA_USAGE = YES_ERROR;
				CLANG_WARN_DOCUMENTATION_COMMENTS = YES;
				CLANG_WARN_EMPTY_BODY = YES;
				CLANG_WARN_ENUM_CONVERSION = YES;
				CLANG_WARN_INFINITE_RECURSION = YES;
				CLANG_WARN_INT_CONVERSION = YES;
				CLANG_WARN_NON_LITERAL_NULL_CONVERSION = YES;
				CLANG_WARN_OBJC_IMPLICIT_RETAIN_SELF = YES;
				CLANG_WARN_OBJC_LITERAL_CONVERSION = YES;
				CLANG_WARN_OBJC_ROOT_CLASS = YES_ERROR;
				CLANG_WARN_QUOTED_INCLUDE_IN_FRAMEWORK_HEADER = YES;
				CLANG_WARN_RANGE_LOOP_ANALYSIS = YES;
				CLANG_WARN_STRICT_PROTOTYPES = YES;
				CLANG_WARN_SUSPICIOUS_MOVE = YES;
				CLANG_WARN_UNGUARDED_AVAILABILITY = YES_AGGRESSIVE;
				CLANG_WARN_UNREACHABLE_CODE = YES;
				CLANG_WARN__DUPLICATE_METHOD_MATCH = YES;
				COPY_PHASE_STRIP = NO;
				DEBUG_INFORMATION_FORMAT = "dwarf-with-dsym";
				ENABLE_NS_ASSERTIONS = NO;
				ENABLE_STRICT_OBJC_MSGSEND = YES;
				ENABLE_USER_SCRIPT_SANDBOXING = YES;
				GCC_C_LANGUAGE_STANDARD = gnu17;
				GCC_NO_COMMON_BLOCKS = YES;
				GCC_WARN_64_TO_32_BIT_CONVERSION = YES;
				GCC_WARN_ABOUT_RETURN_TYPE = YES_ERROR;
				GCC_WARN_UNDECLARED_SELECTOR = YES;
				GCC_WARN_UNINITIALIZED_AUTOS = YES_AGGRESSIVE;
				GCC_WARN_UNUSED_FUNCTION = YES;
				GCC_WARN_UNUSED_VARIABLE = YES;
				IPHONEOS_DEPLOYMENT_TARGET = 17.0;
				LOCALIZATION_PREFERS_STRING_CATALOGS = YES;
				MTL_ENABLE_DEBUG_INFO = NO;
				MTL_FAST_MATH = YES;
				SDKROOT = iphoneos;
				SWIFT_COMPILATION_MODE = wholemodule;
				VALIDATE_PRODUCT = YES;
			};
			name = Release;
		};
		AB7BEDB52ACD4B780071BF10 /* Debug */ = {
			isa = XCBuildConfiguration;
			buildSettings = {
				ASSETCATALOG_COMPILER_APPICON_NAME = AppIcon;
				ASSETCATALOG_COMPILER_GLOBAL_ACCENT_COLOR_NAME = AccentColor;
				CODE_SIGN_STYLE = Automatic;
				CURRENT_PROJECT_VERSION = 1;
				DEVELOPMENT_ASSET_PATHS = "\"Poof/Preview Content\"";
				DEVELOPMENT_TEAM = BQAX36FGV5;
				ENABLE_PREVIEWS = YES;
				GENERATE_INFOPLIST_FILE = YES;
				INFOPLIST_KEY_UIApplicationSceneManifest_Generation = YES;
				INFOPLIST_KEY_UIApplicationSupportsIndirectInputEvents = YES;
				INFOPLIST_KEY_UILaunchScreen_Generation = YES;
				INFOPLIST_KEY_UISupportedInterfaceOrientations_iPad = "UIInterfaceOrientationPortrait UIInterfaceOrientationPortraitUpsideDown UIInterfaceOrientationLandscapeLeft UIInterfaceOrientationLandscapeRight";
				INFOPLIST_KEY_UISupportedInterfaceOrientations_iPhone = "UIInterfaceOrientationPortrait UIInterfaceOrientationLandscapeLeft UIInterfaceOrientationLandscapeRight";
				LD_RUNPATH_SEARCH_PATHS = (
					"$(inherited)",
					"@executable_path/Frameworks",
				);
				MARKETING_VERSION = 1.0;
				PRODUCT_BUNDLE_IDENTIFIER = MacroChallenge.Poof;
				PRODUCT_NAME = "$(TARGET_NAME)";
				SWIFT_EMIT_LOC_STRINGS = YES;
				SWIFT_VERSION = 5.0;
				TARGETED_DEVICE_FAMILY = "1,2";
			};
			name = Debug;
		};
		AB7BEDB62ACD4B780071BF10 /* Release */ = {
			isa = XCBuildConfiguration;
			buildSettings = {
				ASSETCATALOG_COMPILER_APPICON_NAME = AppIcon;
				ASSETCATALOG_COMPILER_GLOBAL_ACCENT_COLOR_NAME = AccentColor;
				CODE_SIGN_STYLE = Automatic;
				CURRENT_PROJECT_VERSION = 1;
				DEVELOPMENT_ASSET_PATHS = "\"Poof/Preview Content\"";
				DEVELOPMENT_TEAM = BQAX36FGV5;
				ENABLE_PREVIEWS = YES;
				GENERATE_INFOPLIST_FILE = YES;
				INFOPLIST_KEY_UIApplicationSceneManifest_Generation = YES;
				INFOPLIST_KEY_UIApplicationSupportsIndirectInputEvents = YES;
				INFOPLIST_KEY_UILaunchScreen_Generation = YES;
				INFOPLIST_KEY_UISupportedInterfaceOrientations_iPad = "UIInterfaceOrientationPortrait UIInterfaceOrientationPortraitUpsideDown UIInterfaceOrientationLandscapeLeft UIInterfaceOrientationLandscapeRight";
				INFOPLIST_KEY_UISupportedInterfaceOrientations_iPhone = "UIInterfaceOrientationPortrait UIInterfaceOrientationLandscapeLeft UIInterfaceOrientationLandscapeRight";
				LD_RUNPATH_SEARCH_PATHS = (
					"$(inherited)",
					"@executable_path/Frameworks",
				);
				MARKETING_VERSION = 1.0;
				PRODUCT_BUNDLE_IDENTIFIER = MacroChallenge.Poof;
				PRODUCT_NAME = "$(TARGET_NAME)";
				SWIFT_EMIT_LOC_STRINGS = YES;
				SWIFT_VERSION = 5.0;
				TARGETED_DEVICE_FAMILY = "1,2";
			};
			name = Release;
		};
		AB7BEDB82ACD4B780071BF10 /* Debug */ = {
			isa = XCBuildConfiguration;
			buildSettings = {
				ALWAYS_EMBED_SWIFT_STANDARD_LIBRARIES = YES;
				BUNDLE_LOADER = "$(TEST_HOST)";
				CODE_SIGN_STYLE = Automatic;
				CURRENT_PROJECT_VERSION = 1;
				DEVELOPMENT_TEAM = BQAX36FGV5;
				GENERATE_INFOPLIST_FILE = YES;
				IPHONEOS_DEPLOYMENT_TARGET = 17.0;
				MARKETING_VERSION = 1.0;
				PRODUCT_BUNDLE_IDENTIFIER = MacroChallenge.PoofTests;
				PRODUCT_NAME = "$(TARGET_NAME)";
				SWIFT_EMIT_LOC_STRINGS = NO;
				SWIFT_VERSION = 5.0;
				TARGETED_DEVICE_FAMILY = "1,2";
				TEST_HOST = "$(BUILT_PRODUCTS_DIR)/Poof.app/$(BUNDLE_EXECUTABLE_FOLDER_PATH)/Poof";
			};
			name = Debug;
		};
		AB7BEDB92ACD4B780071BF10 /* Release */ = {
			isa = XCBuildConfiguration;
			buildSettings = {
				ALWAYS_EMBED_SWIFT_STANDARD_LIBRARIES = YES;
				BUNDLE_LOADER = "$(TEST_HOST)";
				CODE_SIGN_STYLE = Automatic;
				CURRENT_PROJECT_VERSION = 1;
				DEVELOPMENT_TEAM = BQAX36FGV5;
				GENERATE_INFOPLIST_FILE = YES;
				IPHONEOS_DEPLOYMENT_TARGET = 17.0;
				MARKETING_VERSION = 1.0;
				PRODUCT_BUNDLE_IDENTIFIER = MacroChallenge.PoofTests;
				PRODUCT_NAME = "$(TARGET_NAME)";
				SWIFT_EMIT_LOC_STRINGS = NO;
				SWIFT_VERSION = 5.0;
				TARGETED_DEVICE_FAMILY = "1,2";
				TEST_HOST = "$(BUILT_PRODUCTS_DIR)/Poof.app/$(BUNDLE_EXECUTABLE_FOLDER_PATH)/Poof";
			};
			name = Release;
		};
		AB7BEDBB2ACD4B780071BF10 /* Debug */ = {
			isa = XCBuildConfiguration;
			buildSettings = {
				ALWAYS_EMBED_SWIFT_STANDARD_LIBRARIES = YES;
				CODE_SIGN_STYLE = Automatic;
				CURRENT_PROJECT_VERSION = 1;
				DEVELOPMENT_TEAM = BQAX36FGV5;
				GENERATE_INFOPLIST_FILE = YES;
				MARKETING_VERSION = 1.0;
				PRODUCT_BUNDLE_IDENTIFIER = MacroChallenge.PoofUITests;
				PRODUCT_NAME = "$(TARGET_NAME)";
				SWIFT_EMIT_LOC_STRINGS = NO;
				SWIFT_VERSION = 5.0;
				TARGETED_DEVICE_FAMILY = "1,2";
				TEST_TARGET_NAME = Poof;
			};
			name = Debug;
		};
		AB7BEDBC2ACD4B780071BF10 /* Release */ = {
			isa = XCBuildConfiguration;
			buildSettings = {
				ALWAYS_EMBED_SWIFT_STANDARD_LIBRARIES = YES;
				CODE_SIGN_STYLE = Automatic;
				CURRENT_PROJECT_VERSION = 1;
				DEVELOPMENT_TEAM = BQAX36FGV5;
				GENERATE_INFOPLIST_FILE = YES;
				MARKETING_VERSION = 1.0;
				PRODUCT_BUNDLE_IDENTIFIER = MacroChallenge.PoofUITests;
				PRODUCT_NAME = "$(TARGET_NAME)";
				SWIFT_EMIT_LOC_STRINGS = NO;
				SWIFT_VERSION = 5.0;
				TARGETED_DEVICE_FAMILY = "1,2";
				TEST_TARGET_NAME = Poof;
			};
			name = Release;
		};
/* End XCBuildConfiguration section */

/* Begin XCConfigurationList section */
		AB7BED8B2ACD4B770071BF10 /* Build configuration list for PBXProject "Poof" */ = {
			isa = XCConfigurationList;
			buildConfigurations = (
				AB7BEDB22ACD4B780071BF10 /* Debug */,
				AB7BEDB32ACD4B780071BF10 /* Release */,
			);
			defaultConfigurationIsVisible = 0;
			defaultConfigurationName = Release;
		};
		AB7BEDB42ACD4B780071BF10 /* Build configuration list for PBXNativeTarget "Poof" */ = {
			isa = XCConfigurationList;
			buildConfigurations = (
				AB7BEDB52ACD4B780071BF10 /* Debug */,
				AB7BEDB62ACD4B780071BF10 /* Release */,
			);
			defaultConfigurationIsVisible = 0;
			defaultConfigurationName = Release;
		};
		AB7BEDB72ACD4B780071BF10 /* Build configuration list for PBXNativeTarget "PoofTests" */ = {
			isa = XCConfigurationList;
			buildConfigurations = (
				AB7BEDB82ACD4B780071BF10 /* Debug */,
				AB7BEDB92ACD4B780071BF10 /* Release */,
			);
			defaultConfigurationIsVisible = 0;
			defaultConfigurationName = Release;
		};
		AB7BEDBA2ACD4B780071BF10 /* Build configuration list for PBXNativeTarget "PoofUITests" */ = {
			isa = XCConfigurationList;
			buildConfigurations = (
				AB7BEDBB2ACD4B780071BF10 /* Debug */,
				AB7BEDBC2ACD4B780071BF10 /* Release */,
			);
			defaultConfigurationIsVisible = 0;
			defaultConfigurationName = Release;
		};
/* End XCConfigurationList section */

/* Begin XCRemoteSwiftPackageReference section */
		AB01C3CC2AD80A4D008C3160 /* XCRemoteSwiftPackageReference "lottie-ios" */ = {
			isa = XCRemoteSwiftPackageReference;
			repositoryURL = "https://github.com/airbnb/lottie-ios.git";
			requirement = {
				kind = upToNextMajorVersion;
				minimumVersion = 4.3.3;
			};
		};
/* End XCRemoteSwiftPackageReference section */

/* Begin XCSwiftPackageProductDependency section */
		AB01C3CD2AD80A4D008C3160 /* Lottie */ = {
			isa = XCSwiftPackageProductDependency;
			package = AB01C3CC2AD80A4D008C3160 /* XCRemoteSwiftPackageReference "lottie-ios" */;
			productName = Lottie;
		};
/* End XCSwiftPackageProductDependency section */
	};
	rootObject = AB7BED882ACD4B770071BF10 /* Project object */;
}
