// !$*UTF8*$!
{
	archiveVersion = 1;
	classes = {
	};
	objectVersion = 56;
	objects = {

/* Begin PBXBuildFile section */
		0B13B65A2AE686B700576845 /* AuthViewModel.swift in Sources */ = {isa = PBXBuildFile; fileRef = 0B13B6592AE686B700576845 /* AuthViewModel.swift */; };
		0B2AF8EC2AFE392A00572762 /* UpdateInhalerDose.swift in Sources */ = {isa = PBXBuildFile; fileRef = 0B2AF8EB2AFE392A00572762 /* UpdateInhalerDose.swift */; };
		0B2AF8EE2AFE396200572762 /* InhalerRepositoryImpl.swift in Sources */ = {isa = PBXBuildFile; fileRef = 0B2AF8ED2AFE396200572762 /* InhalerRepositoryImpl.swift */; };
		0B2AF8F02AFE397500572762 /* InhalerRepository.swift in Sources */ = {isa = PBXBuildFile; fileRef = 0B2AF8EF2AFE397500572762 /* InhalerRepository.swift */; };
		0B55DFEC2AFB7FBD007BACCE /* GetKambuhByMonth.swift in Sources */ = {isa = PBXBuildFile; fileRef = 0B55DFEB2AFB7FBD007BACCE /* GetKambuhByMonth.swift */; };
		0B55DFEE2AFB82A5007BACCE /* KambuhByMonthResponseDTO+Mapping.swift in Sources */ = {isa = PBXBuildFile; fileRef = 0B55DFED2AFB82A5007BACCE /* KambuhByMonthResponseDTO+Mapping.swift */; };
		0B7617B02AFF56B100AF4975 /* InhalerDoseViewModel.swift in Sources */ = {isa = PBXBuildFile; fileRef = 0B7617AF2AFF56B100AF4975 /* InhalerDoseViewModel.swift */; };
		0B7617B22AFF57D600AF4975 /* LoadingView.swift in Sources */ = {isa = PBXBuildFile; fileRef = 0B7617B12AFF57D600AF4975 /* LoadingView.swift */; };
		0B8007062AE13F2A00ACBD71 /* KambuhResponseDTO+Mapping.swift in Sources */ = {isa = PBXBuildFile; fileRef = 0B8007052AE13F2A00ACBD71 /* KambuhResponseDTO+Mapping.swift */; };
		0B8007082AE13F3600ACBD71 /* IoTResponseDTO+Mapping.swift in Sources */ = {isa = PBXBuildFile; fileRef = 0B8007072AE13F3600ACBD71 /* IoTResponseDTO+Mapping.swift */; };
		0B8D60A62ADD4A9C0017445F /* IoTRepository.swift in Sources */ = {isa = PBXBuildFile; fileRef = 0B8D60A52ADD4A9C0017445F /* IoTRepository.swift */; };
		0B8D60AC2ADE309F0017445F /* Inhaler.swift in Sources */ = {isa = PBXBuildFile; fileRef = 0B8D60AB2ADE309F0017445F /* Inhaler.swift */; };
		0B8D60B42ADF9B450017445F /* UserDefaultsController.swift in Sources */ = {isa = PBXBuildFile; fileRef = 0B8D60B32ADF9B450017445F /* UserDefaultsController.swift */; };
		0B8D60B92AE0BF5A0017445F /* StateManager.swift in Sources */ = {isa = PBXBuildFile; fileRef = 0B8D60B82AE0BF5A0017445F /* StateManager.swift */; };
		0B8D60BB2AE0C0FC0017445F /* User.swift in Sources */ = {isa = PBXBuildFile; fileRef = 0B8D60BA2AE0C0FC0017445F /* User.swift */; };
		0B9576342AD93DFF0020F191 /* DateFormatUtil.swift in Sources */ = {isa = PBXBuildFile; fileRef = 0B9576332AD93DFF0020F191 /* DateFormatUtil.swift */; };
		0BABE62B2AF8D71200FB8A28 /* GetHomeData.swift in Sources */ = {isa = PBXBuildFile; fileRef = 0BABE62A2AF8D71200FB8A28 /* GetHomeData.swift */; };
		0BABE62D2AF8D73B00FB8A28 /* HomeData.swift in Sources */ = {isa = PBXBuildFile; fileRef = 0BABE62C2AF8D73B00FB8A28 /* HomeData.swift */; };
		0BABE62F2AF8D7CF00FB8A28 /* HomepageRepository.swift in Sources */ = {isa = PBXBuildFile; fileRef = 0BABE62E2AF8D7CF00FB8A28 /* HomepageRepository.swift */; };
		0BABE6312AF8D9BC00FB8A28 /* HomepageRepositoryImpl.swift in Sources */ = {isa = PBXBuildFile; fileRef = 0BABE6302AF8D9BC00FB8A28 /* HomepageRepositoryImpl.swift */; };
		0BABE6332AF8DA1C00FB8A28 /* HomeDataResponseDTO+Mapping.swift in Sources */ = {isa = PBXBuildFile; fileRef = 0BABE6322AF8DA1C00FB8A28 /* HomeDataResponseDTO+Mapping.swift */; };
		0BBBD9D42AFCF35C0075AE6D /* CalendarEditSheetView.swift in Sources */ = {isa = PBXBuildFile; fileRef = 0BBBD9D32AFCF35C0075AE6D /* CalendarEditSheetView.swift */; };
		0BBBD9D62AFD3E940075AE6D /* CalendarEditSheetDetailView.swift in Sources */ = {isa = PBXBuildFile; fileRef = 0BBBD9D52AFD3E940075AE6D /* CalendarEditSheetDetailView.swift */; };
		0BBBD9D82AFD45130075AE6D /* UpdateConditionFromCalendarView.swift in Sources */ = {isa = PBXBuildFile; fileRef = 0BBBD9D72AFD45130075AE6D /* UpdateConditionFromCalendarView.swift */; };
		0BCD83B42AE0DCD300D111B0 /* PairInhaler.swift in Sources */ = {isa = PBXBuildFile; fileRef = 0BCD83B32AE0DCD300D111B0 /* PairInhaler.swift */; };
		0BCD83B62AE0E0D200D111B0 /* UpdateUserInhaler.swift in Sources */ = {isa = PBXBuildFile; fileRef = 0BCD83B52AE0E0D200D111B0 /* UpdateUserInhaler.swift */; };
		0BCD83B82AE0E26500D111B0 /* UserRepository.swift in Sources */ = {isa = PBXBuildFile; fileRef = 0BCD83B72AE0E26500D111B0 /* UserRepository.swift */; };
		0BCD83BA2AE0E29600D111B0 /* UserRepositoryImpl.swift in Sources */ = {isa = PBXBuildFile; fileRef = 0BCD83B92AE0E29600D111B0 /* UserRepositoryImpl.swift */; };
		0BCD83BC2AE0E81D00D111B0 /* UserLoginResponseDTO+Mapping.swift in Sources */ = {isa = PBXBuildFile; fileRef = 0BCD83BB2AE0E81D00D111B0 /* UserLoginResponseDTO+Mapping.swift */; };
		0BCD83BE2AE0F20300D111B0 /* LoginUser.swift in Sources */ = {isa = PBXBuildFile; fileRef = 0BCD83BD2AE0F20300D111B0 /* LoginUser.swift */; };
		0BCD83C02AE11B8400D111B0 /* UserLoginRequestDTO+Mapping.swift in Sources */ = {isa = PBXBuildFile; fileRef = 0BCD83BF2AE11B8400D111B0 /* UserLoginRequestDTO+Mapping.swift */; };
		0BCD83C42AE138BA00D111B0 /* UserResponseDTO+Mapping.swift in Sources */ = {isa = PBXBuildFile; fileRef = 0BCD83C32AE138BA00D111B0 /* UserResponseDTO+Mapping.swift */; };
		0BD889432AFA28CC00B70F39 /* RegisterUser.swift in Sources */ = {isa = PBXBuildFile; fileRef = 3F9027B22AE0F866005011B3 /* RegisterUser.swift */; };
		0BD889442AFA28D200B70F39 /* IoTRepositoryImpl.swift in Sources */ = {isa = PBXBuildFile; fileRef = 0B8D60A72ADD4C260017445F /* IoTRepositoryImpl.swift */; };
		0BE97C922ACFF496006A33AC /* Kambuh.swift in Sources */ = {isa = PBXBuildFile; fileRef = 0BE97C912ACFF496006A33AC /* Kambuh.swift */; };
		0BE97C962ACFF4A9006A33AC /* GetKambuhData.swift in Sources */ = {isa = PBXBuildFile; fileRef = 0BE97C952ACFF4A9006A33AC /* GetKambuhData.swift */; };
		0BE97C982ACFF4D0006A33AC /* KambuhRepository.swift in Sources */ = {isa = PBXBuildFile; fileRef = 0BE97C972ACFF4D0006A33AC /* KambuhRepository.swift */; };
		0BE97C9C2ACFFA67006A33AC /* Failure.swift in Sources */ = {isa = PBXBuildFile; fileRef = 0BE97C9B2ACFFA67006A33AC /* Failure.swift */; };
		0BE97CA02ACFFB68006A33AC /* KambuhRepositoryImpl.swift in Sources */ = {isa = PBXBuildFile; fileRef = 0BE97C9F2ACFFB68006A33AC /* KambuhRepositoryImpl.swift */; };
		0BE97CA92ACFFC44006A33AC /* DataTransferService.swift in Sources */ = {isa = PBXBuildFile; fileRef = 0BE97CA82ACFFC44006A33AC /* DataTransferService.swift */; };
		0BE97CAB2ACFFD16006A33AC /* Endpoint.swift in Sources */ = {isa = PBXBuildFile; fileRef = 0BE97CAA2ACFFD16006A33AC /* Endpoint.swift */; };
		0BE97CAD2AD00102006A33AC /* NetworkConfig.swift in Sources */ = {isa = PBXBuildFile; fileRef = 0BE97CAC2AD00102006A33AC /* NetworkConfig.swift */; };
		0BE97CAF2AD00607006A33AC /* NetworkService.swift in Sources */ = {isa = PBXBuildFile; fileRef = 0BE97CAE2AD00607006A33AC /* NetworkService.swift */; };
		0BE97CB42AD7DD03006A33AC /* APIEndpoints.swift in Sources */ = {isa = PBXBuildFile; fileRef = 0BE97CB32AD7DD03006A33AC /* APIEndpoints.swift */; };
		0BE97CB62AD7F037006A33AC /* GetKambuhDataById.swift in Sources */ = {isa = PBXBuildFile; fileRef = 0BE97CB52AD7F037006A33AC /* GetKambuhDataById.swift */; };
		0BE97CBB2AD808F2006A33AC /* AppConfiguration.swift in Sources */ = {isa = PBXBuildFile; fileRef = 0BE97CBA2AD808F2006A33AC /* AppConfiguration.swift */; };
		0BEB44822AF1F09A00F4E614 /* InhalerTabViewModel.swift in Sources */ = {isa = PBXBuildFile; fileRef = 0BEB44812AF1F09A00F4E614 /* InhalerTabViewModel.swift */; };
		3F23D7BF2AF89BB200DF47AC /* GetKambuhByDate.swift in Sources */ = {isa = PBXBuildFile; fileRef = 3F23D7BE2AF89BB200DF47AC /* GetKambuhByDate.swift */; };
		3F23D7C12AF8AFE400DF47AC /* DateRequestDTO.swift in Sources */ = {isa = PBXBuildFile; fileRef = 3F23D7C02AF8AFE400DF47AC /* DateRequestDTO.swift */; };
		3F5A1ED12AF9042D00A3BB57 /* ConditionViewModel.swift in Sources */ = {isa = PBXBuildFile; fileRef = 3F5A1ED02AF9042D00A3BB57 /* ConditionViewModel.swift */; };
		3F5A1ED32AFA17C600A3BB57 /* UpdateConditionCard.swift in Sources */ = {isa = PBXBuildFile; fileRef = 3F5A1ED22AFA17C600A3BB57 /* UpdateConditionCard.swift */; };
		3F5AC8252AFCB7A9006E2AF0 /* UpdateConditionView.swift in Sources */ = {isa = PBXBuildFile; fileRef = 3F5AC8242AFCB7A9006E2AF0 /* UpdateConditionView.swift */; };
		3F9027B52AE1112E005011B3 /* UserRegisterRequestDTO+Mapping.swift in Sources */ = {isa = PBXBuildFile; fileRef = 3F9027B42AE1112E005011B3 /* UserRegisterRequestDTO+Mapping.swift */; };
		3F9B44EF2AD28B3800D8787C /* Color+Theme.swift in Sources */ = {isa = PBXBuildFile; fileRef = 3F9B44EE2AD28B3800D8787C /* Color+Theme.swift */; };
		3F9BA85E2AE00675001A2AE5 /* SignComponent.swift in Sources */ = {isa = PBXBuildFile; fileRef = 3F9BA85D2AE00675001A2AE5 /* SignComponent.swift */; };
		3F9BA8602AE007A7001A2AE5 /* RegisterView.swift in Sources */ = {isa = PBXBuildFile; fileRef = 3F9BA85F2AE007A7001A2AE5 /* RegisterView.swift */; };
		3FDA76172AFC9C740096EA7D /* GetKambuhDataIfScaleAndTriggerIsNull.swift in Sources */ = {isa = PBXBuildFile; fileRef = 3FDA76162AFC9C740096EA7D /* GetKambuhDataIfScaleAndTriggerIsNull.swift */; };
		3FDAE0922AF4980100E0C696 /* UpdateKambuhCondition.swift in Sources */ = {isa = PBXBuildFile; fileRef = 3FDAE0912AF4980100E0C696 /* UpdateKambuhCondition.swift */; };
		3FDAE0942AF8705A00E0C696 /* ConditionRequestDTO.swift in Sources */ = {isa = PBXBuildFile; fileRef = 3FDAE0932AF8705A00E0C696 /* ConditionRequestDTO.swift */; };
		3FFE00E52AFDD02A00069D48 /* CalendarMonthView.swift in Sources */ = {isa = PBXBuildFile; fileRef = 3FFE00E42AFDD02A00069D48 /* CalendarMonthView.swift */; };
		AB01C3CB2AD809B7008C3160 /* LottieView.swift in Sources */ = {isa = PBXBuildFile; fileRef = AB01C3CA2AD809B7008C3160 /* LottieView.swift */; };
		AB01C3CE2AD80A4D008C3160 /* Lottie in Frameworks */ = {isa = PBXBuildFile; productRef = AB01C3CD2AD80A4D008C3160 /* Lottie */; };
		AB01C3D02ADD1A72008C3160 /* StartPairingView.swift in Sources */ = {isa = PBXBuildFile; fileRef = AB01C3CF2ADD1A72008C3160 /* StartPairingView.swift */; };
		AB01C3D22ADD1A8D008C3160 /* ConnectToDeviceWifiView.swift in Sources */ = {isa = PBXBuildFile; fileRef = AB01C3D12ADD1A8D008C3160 /* ConnectToDeviceWifiView.swift */; };
		AB01C3D42ADD1FA3008C3160 /* LoadingPairingView.swift in Sources */ = {isa = PBXBuildFile; fileRef = AB01C3D32ADD1FA3008C3160 /* LoadingPairingView.swift */; };
		AB01C3D62ADD21D0008C3160 /* SuccessPairingView.swift in Sources */ = {isa = PBXBuildFile; fileRef = AB01C3D52ADD21D0008C3160 /* SuccessPairingView.swift */; };
		AB01C3D82ADD243F008C3160 /* FailedPairingView.swift in Sources */ = {isa = PBXBuildFile; fileRef = AB01C3D72ADD243F008C3160 /* FailedPairingView.swift */; };
		AB2E2C0A2AFA2ECB00F5F6FC /* ProfileTabView.swift in Sources */ = {isa = PBXBuildFile; fileRef = AB2E2C092AFA2ECB00F5F6FC /* ProfileTabView.swift */; };
		AB2E2C0C2AFA389A00F5F6FC /* CalendarTabView.swift in Sources */ = {isa = PBXBuildFile; fileRef = AB2E2C0B2AFA389A00F5F6FC /* CalendarTabView.swift */; };
		AB2F17A02B0B47F70046E2F0 /* TermsAndConditionsView.swift in Sources */ = {isa = PBXBuildFile; fileRef = AB2F179F2B0B47F70046E2F0 /* TermsAndConditionsView.swift */; };
		AB30CCC42B0775E00083703B /* PrivacyPolicyView.swift in Sources */ = {isa = PBXBuildFile; fileRef = AB30CCC32B0775E00083703B /* PrivacyPolicyView.swift */; };
		AB5CB3822ADFC81800A4C291 /* UserDevice.swift in Sources */ = {isa = PBXBuildFile; fileRef = AB5CB3812ADFC81800A4C291 /* UserDevice.swift */; };
		AB5CB3872ADFE2BE00A4C291 /* Localizable.strings in Resources */ = {isa = PBXBuildFile; fileRef = AB5CB3892ADFE2BE00A4C291 /* Localizable.strings */; };
		AB6883EB2AF8B804004A6E45 /* CalendarViewModel.swift in Sources */ = {isa = PBXBuildFile; fileRef = AB6883EA2AF8B804004A6E45 /* CalendarViewModel.swift */; };
		AB6883F52AF8F3B9004A6E45 /* CalendarSheetView.swift in Sources */ = {isa = PBXBuildFile; fileRef = AB6883F42AF8F3B9004A6E45 /* CalendarSheetView.swift */; };
		AB7BED942ACD4B770071BF10 /* PoofApp.swift in Sources */ = {isa = PBXBuildFile; fileRef = AB7BED932ACD4B770071BF10 /* PoofApp.swift */; };
		AB7BED962ACD4B770071BF10 /* ContentView.swift in Sources */ = {isa = PBXBuildFile; fileRef = AB7BED952ACD4B770071BF10 /* ContentView.swift */; };
		AB7BED982ACD4B780071BF10 /* Assets.xcassets in Resources */ = {isa = PBXBuildFile; fileRef = AB7BED972ACD4B780071BF10 /* Assets.xcassets */; };
		AB7BED9B2ACD4B780071BF10 /* Preview Assets.xcassets in Resources */ = {isa = PBXBuildFile; fileRef = AB7BED9A2ACD4B780071BF10 /* Preview Assets.xcassets */; };
		AB7BEDA52ACD4B780071BF10 /* PoofTests.swift in Sources */ = {isa = PBXBuildFile; fileRef = AB7BEDA42ACD4B780071BF10 /* PoofTests.swift */; };
		AB7BEDAF2ACD4B780071BF10 /* PoofUITests.swift in Sources */ = {isa = PBXBuildFile; fileRef = AB7BEDAE2ACD4B780071BF10 /* PoofUITests.swift */; };
		AB7BEDB12ACD4B780071BF10 /* PoofUITestsLaunchTests.swift in Sources */ = {isa = PBXBuildFile; fileRef = AB7BEDB02ACD4B780071BF10 /* PoofUITestsLaunchTests.swift */; };
		AB7BEDBE2ACD4C940071BF10 /* InhalerTabView.swift in Sources */ = {isa = PBXBuildFile; fileRef = AB7BEDBD2ACD4C940071BF10 /* InhalerTabView.swift */; };
		AB7BEDC62ACD500C0071BF10 /* OnboardingView.swift in Sources */ = {isa = PBXBuildFile; fileRef = AB7BEDC52ACD500C0071BF10 /* OnboardingView.swift */; };
		AB7BEDC82ACD51000071BF10 /* PairDeviceView.swift in Sources */ = {isa = PBXBuildFile; fileRef = AB7BEDC72ACD51000071BF10 /* PairDeviceView.swift */; };
		AB7BEDD22ACD56680071BF10 /* Component.swift in Sources */ = {isa = PBXBuildFile; fileRef = AB7BEDD12ACD56680071BF10 /* Component.swift */; };
		AB7BEDD42ACD5ADD0071BF10 /* Font.swift in Sources */ = {isa = PBXBuildFile; fileRef = AB7BEDD32ACD5ADD0071BF10 /* Font.swift */; };
		AB7BEDD62ACD67720071BF10 /* LoginView.swift in Sources */ = {isa = PBXBuildFile; fileRef = AB7BEDD52ACD67720071BF10 /* LoginView.swift */; };
		AB7BEDD82ACD6F8C0071BF10 /* Router.swift in Sources */ = {isa = PBXBuildFile; fileRef = AB7BEDD72ACD6F8C0071BF10 /* Router.swift */; };
		AB7BEDDF2ACD7A8A0071BF10 /* PairingViewModel.swift in Sources */ = {isa = PBXBuildFile; fileRef = AB7BEDDE2ACD7A8A0071BF10 /* PairingViewModel.swift */; };
		AB7BEDE12ACD7E6C0071BF10 /* TabBarView.swift in Sources */ = {isa = PBXBuildFile; fileRef = AB7BEDE02ACD7E6C0071BF10 /* TabBarView.swift */; };
		ABB5FE6F2AE6812400227E43 /* Localizable.strings in Resources */ = {isa = PBXBuildFile; fileRef = AB5CB3892ADFE2BE00A4C291 /* Localizable.strings */; };
		ABB5FE702AE6812500227E43 /* Localizable.strings in Resources */ = {isa = PBXBuildFile; fileRef = AB5CB3892ADFE2BE00A4C291 /* Localizable.strings */; };
		ABE72E1F2AFE38AF008AF550 /* DoseView.swift in Sources */ = {isa = PBXBuildFile; fileRef = ABE72E1E2AFE38AF008AF550 /* DoseView.swift */; };
		D608B06C2AFD0A4D00ECD179 /* RotatingCircleView.swift in Sources */ = {isa = PBXBuildFile; fileRef = D608B06B2AFD0A4D00ECD179 /* RotatingCircleView.swift */; };
		D61C22B22AF9D651006B9058 /* AnalyticsFilterView.swift in Sources */ = {isa = PBXBuildFile; fileRef = D61C22B12AF9D651006B9058 /* AnalyticsFilterView.swift */; };
		D61C22B42AFA2B0F006B9058 /* BarView.swift in Sources */ = {isa = PBXBuildFile; fileRef = D61C22B32AFA2B0F006B9058 /* BarView.swift */; };
		D61C22B62AFA478B006B9058 /* FrequencyPickerView.swift in Sources */ = {isa = PBXBuildFile; fileRef = D61C22B52AFA478B006B9058 /* FrequencyPickerView.swift */; };
		D63CF52F2AF7BE5400CCE0FD /* ChartView.swift in Sources */ = {isa = PBXBuildFile; fileRef = D63CF52E2AF7BE5400CCE0FD /* ChartView.swift */; };
		D63CF5312AF88EB400CCE0FD /* TotalPuffPopUpView.swift in Sources */ = {isa = PBXBuildFile; fileRef = D63CF5302AF88EB400CCE0FD /* TotalPuffPopUpView.swift */; };
		D63CF5332AF9BE3C00CCE0FD /* Analytics.swift in Sources */ = {isa = PBXBuildFile; fileRef = D63CF5322AF9BE3C00CCE0FD /* Analytics.swift */; };
		D63CF5352AF9BE8B00CCE0FD /* AnalyticsResponseDTO+Mapping.swift in Sources */ = {isa = PBXBuildFile; fileRef = D63CF5342AF9BE8B00CCE0FD /* AnalyticsResponseDTO+Mapping.swift */; };
		D63CF5372AF9BF3700CCE0FD /* AnalyticsRepository.swift in Sources */ = {isa = PBXBuildFile; fileRef = D63CF5362AF9BF3700CCE0FD /* AnalyticsRepository.swift */; };
		D63CF5392AF9BF8A00CCE0FD /* GetAnalytics.swift in Sources */ = {isa = PBXBuildFile; fileRef = D63CF5382AF9BF8A00CCE0FD /* GetAnalytics.swift */; };
		D63CF53B2AF9C05700CCE0FD /* AnalyticsRepositoryImpl.swift in Sources */ = {isa = PBXBuildFile; fileRef = D63CF53A2AF9C05700CCE0FD /* AnalyticsRepositoryImpl.swift */; };
		D63CF53D2AF9C6FD00CCE0FD /* AnalyticsViewModel.swift in Sources */ = {isa = PBXBuildFile; fileRef = D63CF53C2AF9C6FD00CCE0FD /* AnalyticsViewModel.swift */; };
		D65636FF2AE0D27F00C64FC1 /* MessageResponseDTO+Mapping.swift in Sources */ = {isa = PBXBuildFile; fileRef = D65636FE2AE0D27F00C64FC1 /* MessageResponseDTO+Mapping.swift */; };
		D65637012AE0D3CD00C64FC1 /* WifiDetailsRepository.swift in Sources */ = {isa = PBXBuildFile; fileRef = D65637002AE0D3CD00C64FC1 /* WifiDetailsRepository.swift */; };
		D65637032AE0DF8F00C64FC1 /* WifiDetailsViewModel.swift in Sources */ = {isa = PBXBuildFile; fileRef = D65637022AE0DF8F00C64FC1 /* WifiDetailsViewModel.swift */; };
		D65637072AE0E00100C64FC1 /* WifiDetailsView.swift in Sources */ = {isa = PBXBuildFile; fileRef = D65637062AE0E00100C64FC1 /* WifiDetailsView.swift */; };
		D65637212AE220D500C64FC1 /* WifiDetailsPopUpView.swift in Sources */ = {isa = PBXBuildFile; fileRef = D65637202AE220D500C64FC1 /* WifiDetailsPopUpView.swift */; };
		D6E6D68E2ADFDC06000C1A94 /* WifiDetails.swift in Sources */ = {isa = PBXBuildFile; fileRef = D6E6D68D2ADFDC06000C1A94 /* WifiDetails.swift */; };
		D6E6D6922ADFDC5D000C1A94 /* PostWifiDetails.swift in Sources */ = {isa = PBXBuildFile; fileRef = D6E6D6912ADFDC5D000C1A94 /* PostWifiDetails.swift */; };
		D6E6D6942ADFE1F3000C1A94 /* WifiDetailsRepositoryImpl.swift in Sources */ = {isa = PBXBuildFile; fileRef = D6E6D6932ADFE1F3000C1A94 /* WifiDetailsRepositoryImpl.swift */; };
		D6EA61802AFB9BB50019BA51 /* AnalyticsCardView.swift in Sources */ = {isa = PBXBuildFile; fileRef = D6EA617F2AFB9BB50019BA51 /* AnalyticsCardView.swift */; };
/* End PBXBuildFile section */

/* Begin PBXContainerItemProxy section */
		AB7BEDA12ACD4B780071BF10 /* PBXContainerItemProxy */ = {
			isa = PBXContainerItemProxy;
			containerPortal = AB7BED882ACD4B770071BF10 /* Project object */;
			proxyType = 1;
			remoteGlobalIDString = AB7BED8F2ACD4B770071BF10;
			remoteInfo = Poof;
		};
		AB7BEDAB2ACD4B780071BF10 /* PBXContainerItemProxy */ = {
			isa = PBXContainerItemProxy;
			containerPortal = AB7BED882ACD4B770071BF10 /* Project object */;
			proxyType = 1;
			remoteGlobalIDString = AB7BED8F2ACD4B770071BF10;
			remoteInfo = Poof;
		};
/* End PBXContainerItemProxy section */

/* Begin PBXFileReference section */
		0B13B6592AE686B700576845 /* AuthViewModel.swift */ = {isa = PBXFileReference; lastKnownFileType = sourcecode.swift; path = AuthViewModel.swift; sourceTree = "<group>"; };
		0B2AF8EB2AFE392A00572762 /* UpdateInhalerDose.swift */ = {isa = PBXFileReference; lastKnownFileType = sourcecode.swift; path = UpdateInhalerDose.swift; sourceTree = "<group>"; };
		0B2AF8ED2AFE396200572762 /* InhalerRepositoryImpl.swift */ = {isa = PBXFileReference; lastKnownFileType = sourcecode.swift; path = InhalerRepositoryImpl.swift; sourceTree = "<group>"; };
		0B2AF8EF2AFE397500572762 /* InhalerRepository.swift */ = {isa = PBXFileReference; lastKnownFileType = sourcecode.swift; path = InhalerRepository.swift; sourceTree = "<group>"; };
		0B55DFE92AFA451A007BACCE /* CalendarViewModel.swift */ = {isa = PBXFileReference; lastKnownFileType = sourcecode.swift; path = CalendarViewModel.swift; sourceTree = "<group>"; };
		0B55DFEB2AFB7FBD007BACCE /* GetKambuhByMonth.swift */ = {isa = PBXFileReference; lastKnownFileType = sourcecode.swift; path = GetKambuhByMonth.swift; sourceTree = "<group>"; };
		0B55DFED2AFB82A5007BACCE /* KambuhByMonthResponseDTO+Mapping.swift */ = {isa = PBXFileReference; lastKnownFileType = sourcecode.swift; path = "KambuhByMonthResponseDTO+Mapping.swift"; sourceTree = "<group>"; };
		0B7617AF2AFF56B100AF4975 /* InhalerDoseViewModel.swift */ = {isa = PBXFileReference; lastKnownFileType = sourcecode.swift; path = InhalerDoseViewModel.swift; sourceTree = "<group>"; };
		0B7617B12AFF57D600AF4975 /* LoadingView.swift */ = {isa = PBXFileReference; lastKnownFileType = sourcecode.swift; path = LoadingView.swift; sourceTree = "<group>"; };
		0B8007052AE13F2A00ACBD71 /* KambuhResponseDTO+Mapping.swift */ = {isa = PBXFileReference; fileEncoding = 4; lastKnownFileType = sourcecode.swift; path = "KambuhResponseDTO+Mapping.swift"; sourceTree = "<group>"; };
		0B8007072AE13F3600ACBD71 /* IoTResponseDTO+Mapping.swift */ = {isa = PBXFileReference; fileEncoding = 4; lastKnownFileType = sourcecode.swift; path = "IoTResponseDTO+Mapping.swift"; sourceTree = "<group>"; };
		0B8D60A52ADD4A9C0017445F /* IoTRepository.swift */ = {isa = PBXFileReference; lastKnownFileType = sourcecode.swift; path = IoTRepository.swift; sourceTree = "<group>"; };
		0B8D60A72ADD4C260017445F /* IoTRepositoryImpl.swift */ = {isa = PBXFileReference; lastKnownFileType = sourcecode.swift; path = IoTRepositoryImpl.swift; sourceTree = "<group>"; };
		0B8D60AB2ADE309F0017445F /* Inhaler.swift */ = {isa = PBXFileReference; lastKnownFileType = sourcecode.swift; path = Inhaler.swift; sourceTree = "<group>"; };
		0B8D60B32ADF9B450017445F /* UserDefaultsController.swift */ = {isa = PBXFileReference; lastKnownFileType = sourcecode.swift; path = UserDefaultsController.swift; sourceTree = "<group>"; };
		0B8D60B82AE0BF5A0017445F /* StateManager.swift */ = {isa = PBXFileReference; lastKnownFileType = sourcecode.swift; path = StateManager.swift; sourceTree = "<group>"; };
		0B8D60BA2AE0C0FC0017445F /* User.swift */ = {isa = PBXFileReference; lastKnownFileType = sourcecode.swift; path = User.swift; sourceTree = "<group>"; };
		0B9576332AD93DFF0020F191 /* DateFormatUtil.swift */ = {isa = PBXFileReference; lastKnownFileType = sourcecode.swift; path = DateFormatUtil.swift; sourceTree = "<group>"; };
		0BABE62A2AF8D71200FB8A28 /* GetHomeData.swift */ = {isa = PBXFileReference; lastKnownFileType = sourcecode.swift; path = GetHomeData.swift; sourceTree = "<group>"; };
		0BABE62C2AF8D73B00FB8A28 /* HomeData.swift */ = {isa = PBXFileReference; lastKnownFileType = sourcecode.swift; path = HomeData.swift; sourceTree = "<group>"; };
		0BABE62E2AF8D7CF00FB8A28 /* HomepageRepository.swift */ = {isa = PBXFileReference; lastKnownFileType = sourcecode.swift; path = HomepageRepository.swift; sourceTree = "<group>"; };
		0BABE6302AF8D9BC00FB8A28 /* HomepageRepositoryImpl.swift */ = {isa = PBXFileReference; lastKnownFileType = sourcecode.swift; path = HomepageRepositoryImpl.swift; sourceTree = "<group>"; };
		0BABE6322AF8DA1C00FB8A28 /* HomeDataResponseDTO+Mapping.swift */ = {isa = PBXFileReference; lastKnownFileType = sourcecode.swift; path = "HomeDataResponseDTO+Mapping.swift"; sourceTree = "<group>"; };
		0BBBD9D32AFCF35C0075AE6D /* CalendarEditSheetView.swift */ = {isa = PBXFileReference; lastKnownFileType = sourcecode.swift; path = CalendarEditSheetView.swift; sourceTree = "<group>"; };
		0BBBD9D52AFD3E940075AE6D /* CalendarEditSheetDetailView.swift */ = {isa = PBXFileReference; lastKnownFileType = sourcecode.swift; path = CalendarEditSheetDetailView.swift; sourceTree = "<group>"; };
		0BBBD9D72AFD45130075AE6D /* UpdateConditionFromCalendarView.swift */ = {isa = PBXFileReference; lastKnownFileType = sourcecode.swift; path = UpdateConditionFromCalendarView.swift; sourceTree = "<group>"; };
		0BCD83B32AE0DCD300D111B0 /* PairInhaler.swift */ = {isa = PBXFileReference; lastKnownFileType = sourcecode.swift; path = PairInhaler.swift; sourceTree = "<group>"; };
		0BCD83B52AE0E0D200D111B0 /* UpdateUserInhaler.swift */ = {isa = PBXFileReference; lastKnownFileType = sourcecode.swift; path = UpdateUserInhaler.swift; sourceTree = "<group>"; };
		0BCD83B72AE0E26500D111B0 /* UserRepository.swift */ = {isa = PBXFileReference; lastKnownFileType = sourcecode.swift; path = UserRepository.swift; sourceTree = "<group>"; };
		0BCD83B92AE0E29600D111B0 /* UserRepositoryImpl.swift */ = {isa = PBXFileReference; lastKnownFileType = sourcecode.swift; path = UserRepositoryImpl.swift; sourceTree = "<group>"; };
		0BCD83BB2AE0E81D00D111B0 /* UserLoginResponseDTO+Mapping.swift */ = {isa = PBXFileReference; lastKnownFileType = sourcecode.swift; path = "UserLoginResponseDTO+Mapping.swift"; sourceTree = "<group>"; };
		0BCD83BD2AE0F20300D111B0 /* LoginUser.swift */ = {isa = PBXFileReference; lastKnownFileType = sourcecode.swift; path = LoginUser.swift; sourceTree = "<group>"; };
		0BCD83BF2AE11B8400D111B0 /* UserLoginRequestDTO+Mapping.swift */ = {isa = PBXFileReference; lastKnownFileType = sourcecode.swift; path = "UserLoginRequestDTO+Mapping.swift"; sourceTree = "<group>"; };
		0BCD83C32AE138BA00D111B0 /* UserResponseDTO+Mapping.swift */ = {isa = PBXFileReference; lastKnownFileType = sourcecode.swift; path = "UserResponseDTO+Mapping.swift"; sourceTree = "<group>"; };
		0BE97C912ACFF496006A33AC /* Kambuh.swift */ = {isa = PBXFileReference; lastKnownFileType = sourcecode.swift; path = Kambuh.swift; sourceTree = "<group>"; };
		0BE97C952ACFF4A9006A33AC /* GetKambuhData.swift */ = {isa = PBXFileReference; lastKnownFileType = sourcecode.swift; path = GetKambuhData.swift; sourceTree = "<group>"; };
		0BE97C972ACFF4D0006A33AC /* KambuhRepository.swift */ = {isa = PBXFileReference; lastKnownFileType = sourcecode.swift; path = KambuhRepository.swift; sourceTree = "<group>"; };
		0BE97C9B2ACFFA67006A33AC /* Failure.swift */ = {isa = PBXFileReference; lastKnownFileType = sourcecode.swift; path = Failure.swift; sourceTree = "<group>"; };
		0BE97C9F2ACFFB68006A33AC /* KambuhRepositoryImpl.swift */ = {isa = PBXFileReference; lastKnownFileType = sourcecode.swift; path = KambuhRepositoryImpl.swift; sourceTree = "<group>"; };
		0BE97CA82ACFFC44006A33AC /* DataTransferService.swift */ = {isa = PBXFileReference; lastKnownFileType = sourcecode.swift; path = DataTransferService.swift; sourceTree = "<group>"; };
		0BE97CAA2ACFFD16006A33AC /* Endpoint.swift */ = {isa = PBXFileReference; lastKnownFileType = sourcecode.swift; path = Endpoint.swift; sourceTree = "<group>"; };
		0BE97CAC2AD00102006A33AC /* NetworkConfig.swift */ = {isa = PBXFileReference; lastKnownFileType = sourcecode.swift; path = NetworkConfig.swift; sourceTree = "<group>"; };
		0BE97CAE2AD00607006A33AC /* NetworkService.swift */ = {isa = PBXFileReference; lastKnownFileType = sourcecode.swift; path = NetworkService.swift; sourceTree = "<group>"; };
		0BE97CB32AD7DD03006A33AC /* APIEndpoints.swift */ = {isa = PBXFileReference; lastKnownFileType = sourcecode.swift; path = APIEndpoints.swift; sourceTree = "<group>"; };
		0BE97CB52AD7F037006A33AC /* GetKambuhDataById.swift */ = {isa = PBXFileReference; lastKnownFileType = sourcecode.swift; path = GetKambuhDataById.swift; sourceTree = "<group>"; };
		0BE97CB72AD7F6EB006A33AC /* Info.plist */ = {isa = PBXFileReference; lastKnownFileType = text.plist.xml; path = Info.plist; sourceTree = "<group>"; };
		0BE97CBA2AD808F2006A33AC /* AppConfiguration.swift */ = {isa = PBXFileReference; lastKnownFileType = sourcecode.swift; path = AppConfiguration.swift; sourceTree = "<group>"; };
		0BEB44812AF1F09A00F4E614 /* InhalerTabViewModel.swift */ = {isa = PBXFileReference; lastKnownFileType = sourcecode.swift; path = InhalerTabViewModel.swift; sourceTree = "<group>"; };
		3F23D7BE2AF89BB200DF47AC /* GetKambuhByDate.swift */ = {isa = PBXFileReference; lastKnownFileType = sourcecode.swift; path = GetKambuhByDate.swift; sourceTree = "<group>"; };
		3F23D7C02AF8AFE400DF47AC /* DateRequestDTO.swift */ = {isa = PBXFileReference; lastKnownFileType = sourcecode.swift; path = DateRequestDTO.swift; sourceTree = "<group>"; };
		3F5A1ED02AF9042D00A3BB57 /* ConditionViewModel.swift */ = {isa = PBXFileReference; fileEncoding = 4; lastKnownFileType = sourcecode.swift; path = ConditionViewModel.swift; sourceTree = "<group>"; };
		3F5A1ED22AFA17C600A3BB57 /* UpdateConditionCard.swift */ = {isa = PBXFileReference; lastKnownFileType = sourcecode.swift; path = UpdateConditionCard.swift; sourceTree = "<group>"; };
		3F5AC8242AFCB7A9006E2AF0 /* UpdateConditionView.swift */ = {isa = PBXFileReference; lastKnownFileType = sourcecode.swift; path = UpdateConditionView.swift; sourceTree = "<group>"; };
		3F9027B22AE0F866005011B3 /* RegisterUser.swift */ = {isa = PBXFileReference; lastKnownFileType = sourcecode.swift; path = RegisterUser.swift; sourceTree = "<group>"; };
		3F9027B42AE1112E005011B3 /* UserRegisterRequestDTO+Mapping.swift */ = {isa = PBXFileReference; lastKnownFileType = sourcecode.swift; path = "UserRegisterRequestDTO+Mapping.swift"; sourceTree = "<group>"; };
		3F9B44EE2AD28B3800D8787C /* Color+Theme.swift */ = {isa = PBXFileReference; lastKnownFileType = sourcecode.swift; path = "Color+Theme.swift"; sourceTree = "<group>"; };
		3F9BA85D2AE00675001A2AE5 /* SignComponent.swift */ = {isa = PBXFileReference; lastKnownFileType = sourcecode.swift; path = SignComponent.swift; sourceTree = "<group>"; };
		3F9BA85F2AE007A7001A2AE5 /* RegisterView.swift */ = {isa = PBXFileReference; lastKnownFileType = sourcecode.swift; path = RegisterView.swift; sourceTree = "<group>"; };
		3FDA76162AFC9C740096EA7D /* GetKambuhDataIfScaleAndTriggerIsNull.swift */ = {isa = PBXFileReference; lastKnownFileType = sourcecode.swift; path = GetKambuhDataIfScaleAndTriggerIsNull.swift; sourceTree = "<group>"; };
		3FDAE0912AF4980100E0C696 /* UpdateKambuhCondition.swift */ = {isa = PBXFileReference; lastKnownFileType = sourcecode.swift; path = UpdateKambuhCondition.swift; sourceTree = "<group>"; };
		3FDAE0932AF8705A00E0C696 /* ConditionRequestDTO.swift */ = {isa = PBXFileReference; lastKnownFileType = sourcecode.swift; path = ConditionRequestDTO.swift; sourceTree = "<group>"; };
		3FF77A5A2ACEC53A001F6CC2 /* Test.swift */ = {isa = PBXFileReference; lastKnownFileType = sourcecode.swift; path = Test.swift; sourceTree = "<group>"; };
		3FF77A5C2ACEC53F001F6CC2 /* Test1.swift */ = {isa = PBXFileReference; lastKnownFileType = sourcecode.swift; path = Test1.swift; sourceTree = "<group>"; };
		3FFE00E42AFDD02A00069D48 /* CalendarMonthView.swift */ = {isa = PBXFileReference; lastKnownFileType = sourcecode.swift; path = CalendarMonthView.swift; sourceTree = "<group>"; };
		AB01C3CA2AD809B7008C3160 /* LottieView.swift */ = {isa = PBXFileReference; lastKnownFileType = sourcecode.swift; path = LottieView.swift; sourceTree = "<group>"; };
		AB01C3CF2ADD1A72008C3160 /* StartPairingView.swift */ = {isa = PBXFileReference; lastKnownFileType = sourcecode.swift; path = StartPairingView.swift; sourceTree = "<group>"; };
		AB01C3D12ADD1A8D008C3160 /* ConnectToDeviceWifiView.swift */ = {isa = PBXFileReference; lastKnownFileType = sourcecode.swift; path = ConnectToDeviceWifiView.swift; sourceTree = "<group>"; };
		AB01C3D32ADD1FA3008C3160 /* LoadingPairingView.swift */ = {isa = PBXFileReference; lastKnownFileType = sourcecode.swift; path = LoadingPairingView.swift; sourceTree = "<group>"; };
		AB01C3D52ADD21D0008C3160 /* SuccessPairingView.swift */ = {isa = PBXFileReference; lastKnownFileType = sourcecode.swift; path = SuccessPairingView.swift; sourceTree = "<group>"; };
		AB01C3D72ADD243F008C3160 /* FailedPairingView.swift */ = {isa = PBXFileReference; lastKnownFileType = sourcecode.swift; path = FailedPairingView.swift; sourceTree = "<group>"; };
		AB2E2C092AFA2ECB00F5F6FC /* ProfileTabView.swift */ = {isa = PBXFileReference; lastKnownFileType = sourcecode.swift; path = ProfileTabView.swift; sourceTree = "<group>"; };
		AB2E2C0B2AFA389A00F5F6FC /* CalendarTabView.swift */ = {isa = PBXFileReference; lastKnownFileType = sourcecode.swift; path = CalendarTabView.swift; sourceTree = "<group>"; };
		AB2F179F2B0B47F70046E2F0 /* TermsAndConditionsView.swift */ = {isa = PBXFileReference; lastKnownFileType = sourcecode.swift; path = TermsAndConditionsView.swift; sourceTree = "<group>"; };
		AB30CCC32B0775E00083703B /* PrivacyPolicyView.swift */ = {isa = PBXFileReference; lastKnownFileType = sourcecode.swift; path = PrivacyPolicyView.swift; sourceTree = "<group>"; };
		AB5CB3812ADFC81800A4C291 /* UserDevice.swift */ = {isa = PBXFileReference; lastKnownFileType = sourcecode.swift; path = UserDevice.swift; sourceTree = "<group>"; };
		AB5CB3882ADFE2BE00A4C291 /* en */ = {isa = PBXFileReference; lastKnownFileType = text.plist.strings; name = en; path = en.lproj/Localizable.strings; sourceTree = "<group>"; };
		AB5CB38A2ADFE2C200A4C291 /* id */ = {isa = PBXFileReference; lastKnownFileType = text.plist.strings; name = id; path = id.lproj/Localizable.strings; sourceTree = "<group>"; };
		AB6883EA2AF8B804004A6E45 /* CalendarViewModel.swift */ = {isa = PBXFileReference; lastKnownFileType = sourcecode.swift; path = CalendarViewModel.swift; sourceTree = "<group>"; };
		AB6883F42AF8F3B9004A6E45 /* CalendarSheetView.swift */ = {isa = PBXFileReference; lastKnownFileType = sourcecode.swift; path = CalendarSheetView.swift; sourceTree = "<group>"; };
		AB7BED902ACD4B770071BF10 /* Poof.app */ = {isa = PBXFileReference; explicitFileType = wrapper.application; includeInIndex = 0; path = Poof.app; sourceTree = BUILT_PRODUCTS_DIR; };
		AB7BED932ACD4B770071BF10 /* PoofApp.swift */ = {isa = PBXFileReference; lastKnownFileType = sourcecode.swift; path = PoofApp.swift; sourceTree = "<group>"; };
		AB7BED952ACD4B770071BF10 /* ContentView.swift */ = {isa = PBXFileReference; lastKnownFileType = sourcecode.swift; path = ContentView.swift; sourceTree = "<group>"; };
		AB7BED972ACD4B780071BF10 /* Assets.xcassets */ = {isa = PBXFileReference; lastKnownFileType = folder.assetcatalog; path = Assets.xcassets; sourceTree = "<group>"; };
		AB7BED9A2ACD4B780071BF10 /* Preview Assets.xcassets */ = {isa = PBXFileReference; lastKnownFileType = folder.assetcatalog; path = "Preview Assets.xcassets"; sourceTree = "<group>"; };
		AB7BEDA02ACD4B780071BF10 /* PoofTests.xctest */ = {isa = PBXFileReference; explicitFileType = wrapper.cfbundle; includeInIndex = 0; path = PoofTests.xctest; sourceTree = BUILT_PRODUCTS_DIR; };
		AB7BEDA42ACD4B780071BF10 /* PoofTests.swift */ = {isa = PBXFileReference; lastKnownFileType = sourcecode.swift; path = PoofTests.swift; sourceTree = "<group>"; };
		AB7BEDAA2ACD4B780071BF10 /* PoofUITests.xctest */ = {isa = PBXFileReference; explicitFileType = wrapper.cfbundle; includeInIndex = 0; path = PoofUITests.xctest; sourceTree = BUILT_PRODUCTS_DIR; };
		AB7BEDAE2ACD4B780071BF10 /* PoofUITests.swift */ = {isa = PBXFileReference; lastKnownFileType = sourcecode.swift; path = PoofUITests.swift; sourceTree = "<group>"; };
		AB7BEDB02ACD4B780071BF10 /* PoofUITestsLaunchTests.swift */ = {isa = PBXFileReference; lastKnownFileType = sourcecode.swift; path = PoofUITestsLaunchTests.swift; sourceTree = "<group>"; };
		AB7BEDBD2ACD4C940071BF10 /* InhalerTabView.swift */ = {isa = PBXFileReference; lastKnownFileType = sourcecode.swift; path = InhalerTabView.swift; sourceTree = "<group>"; };
		AB7BEDC52ACD500C0071BF10 /* OnboardingView.swift */ = {isa = PBXFileReference; lastKnownFileType = sourcecode.swift; path = OnboardingView.swift; sourceTree = "<group>"; };
		AB7BEDC72ACD51000071BF10 /* PairDeviceView.swift */ = {isa = PBXFileReference; lastKnownFileType = sourcecode.swift; path = PairDeviceView.swift; sourceTree = "<group>"; };
		AB7BEDD12ACD56680071BF10 /* Component.swift */ = {isa = PBXFileReference; lastKnownFileType = sourcecode.swift; path = Component.swift; sourceTree = "<group>"; };
		AB7BEDD32ACD5ADD0071BF10 /* Font.swift */ = {isa = PBXFileReference; lastKnownFileType = sourcecode.swift; path = Font.swift; sourceTree = "<group>"; };
		AB7BEDD52ACD67720071BF10 /* LoginView.swift */ = {isa = PBXFileReference; lastKnownFileType = sourcecode.swift; path = LoginView.swift; sourceTree = "<group>"; };
		AB7BEDD72ACD6F8C0071BF10 /* Router.swift */ = {isa = PBXFileReference; lastKnownFileType = sourcecode.swift; path = Router.swift; sourceTree = "<group>"; };
		AB7BEDDE2ACD7A8A0071BF10 /* PairingViewModel.swift */ = {isa = PBXFileReference; lastKnownFileType = sourcecode.swift; path = PairingViewModel.swift; sourceTree = "<group>"; };
		AB7BEDE02ACD7E6C0071BF10 /* TabBarView.swift */ = {isa = PBXFileReference; lastKnownFileType = sourcecode.swift; path = TabBarView.swift; sourceTree = "<group>"; };
		ABE72E1E2AFE38AF008AF550 /* DoseView.swift */ = {isa = PBXFileReference; lastKnownFileType = sourcecode.swift; path = DoseView.swift; sourceTree = "<group>"; };
		D608B06B2AFD0A4D00ECD179 /* RotatingCircleView.swift */ = {isa = PBXFileReference; lastKnownFileType = sourcecode.swift; path = RotatingCircleView.swift; sourceTree = "<group>"; };
		D61C22B12AF9D651006B9058 /* AnalyticsFilterView.swift */ = {isa = PBXFileReference; lastKnownFileType = sourcecode.swift; path = AnalyticsFilterView.swift; sourceTree = "<group>"; };
		D61C22B32AFA2B0F006B9058 /* BarView.swift */ = {isa = PBXFileReference; lastKnownFileType = sourcecode.swift; path = BarView.swift; sourceTree = "<group>"; };
		D61C22B52AFA478B006B9058 /* FrequencyPickerView.swift */ = {isa = PBXFileReference; lastKnownFileType = sourcecode.swift; path = FrequencyPickerView.swift; sourceTree = "<group>"; };
		D63CF52E2AF7BE5400CCE0FD /* ChartView.swift */ = {isa = PBXFileReference; lastKnownFileType = sourcecode.swift; path = ChartView.swift; sourceTree = "<group>"; };
		D63CF5302AF88EB400CCE0FD /* TotalPuffPopUpView.swift */ = {isa = PBXFileReference; lastKnownFileType = sourcecode.swift; path = TotalPuffPopUpView.swift; sourceTree = "<group>"; };
		D63CF5322AF9BE3C00CCE0FD /* Analytics.swift */ = {isa = PBXFileReference; lastKnownFileType = sourcecode.swift; path = Analytics.swift; sourceTree = "<group>"; };
		D63CF5342AF9BE8B00CCE0FD /* AnalyticsResponseDTO+Mapping.swift */ = {isa = PBXFileReference; lastKnownFileType = sourcecode.swift; path = "AnalyticsResponseDTO+Mapping.swift"; sourceTree = "<group>"; };
		D63CF5362AF9BF3700CCE0FD /* AnalyticsRepository.swift */ = {isa = PBXFileReference; lastKnownFileType = sourcecode.swift; path = AnalyticsRepository.swift; sourceTree = "<group>"; };
		D63CF5382AF9BF8A00CCE0FD /* GetAnalytics.swift */ = {isa = PBXFileReference; lastKnownFileType = sourcecode.swift; path = GetAnalytics.swift; sourceTree = "<group>"; };
		D63CF53A2AF9C05700CCE0FD /* AnalyticsRepositoryImpl.swift */ = {isa = PBXFileReference; lastKnownFileType = sourcecode.swift; path = AnalyticsRepositoryImpl.swift; sourceTree = "<group>"; };
		D63CF53C2AF9C6FD00CCE0FD /* AnalyticsViewModel.swift */ = {isa = PBXFileReference; lastKnownFileType = sourcecode.swift; path = AnalyticsViewModel.swift; sourceTree = "<group>"; };
		D65636FE2AE0D27F00C64FC1 /* MessageResponseDTO+Mapping.swift */ = {isa = PBXFileReference; lastKnownFileType = sourcecode.swift; path = "MessageResponseDTO+Mapping.swift"; sourceTree = "<group>"; };
		D65637002AE0D3CD00C64FC1 /* WifiDetailsRepository.swift */ = {isa = PBXFileReference; lastKnownFileType = sourcecode.swift; path = WifiDetailsRepository.swift; sourceTree = "<group>"; };
		D65637022AE0DF8F00C64FC1 /* WifiDetailsViewModel.swift */ = {isa = PBXFileReference; lastKnownFileType = sourcecode.swift; path = WifiDetailsViewModel.swift; sourceTree = "<group>"; };
		D65637062AE0E00100C64FC1 /* WifiDetailsView.swift */ = {isa = PBXFileReference; lastKnownFileType = sourcecode.swift; path = WifiDetailsView.swift; sourceTree = "<group>"; };
		D65637202AE220D500C64FC1 /* WifiDetailsPopUpView.swift */ = {isa = PBXFileReference; lastKnownFileType = sourcecode.swift; path = WifiDetailsPopUpView.swift; sourceTree = "<group>"; };
		D6E6D68D2ADFDC06000C1A94 /* WifiDetails.swift */ = {isa = PBXFileReference; lastKnownFileType = sourcecode.swift; path = WifiDetails.swift; sourceTree = "<group>"; };
		D6E6D6912ADFDC5D000C1A94 /* PostWifiDetails.swift */ = {isa = PBXFileReference; lastKnownFileType = sourcecode.swift; path = PostWifiDetails.swift; sourceTree = "<group>"; };
		D6E6D6932ADFE1F3000C1A94 /* WifiDetailsRepositoryImpl.swift */ = {isa = PBXFileReference; lastKnownFileType = sourcecode.swift; path = WifiDetailsRepositoryImpl.swift; sourceTree = "<group>"; };
		D6EA617F2AFB9BB50019BA51 /* AnalyticsCardView.swift */ = {isa = PBXFileReference; lastKnownFileType = sourcecode.swift; path = AnalyticsCardView.swift; sourceTree = "<group>"; };
/* End PBXFileReference section */

/* Begin PBXFrameworksBuildPhase section */
		AB7BED8D2ACD4B770071BF10 /* Frameworks */ = {
			isa = PBXFrameworksBuildPhase;
			buildActionMask = 2147483647;
			files = (
				AB01C3CE2AD80A4D008C3160 /* Lottie in Frameworks */,
			);
			runOnlyForDeploymentPostprocessing = 0;
		};
		AB7BED9D2ACD4B780071BF10 /* Frameworks */ = {
			isa = PBXFrameworksBuildPhase;
			buildActionMask = 2147483647;
			files = (
			);
			runOnlyForDeploymentPostprocessing = 0;
		};
		AB7BEDA72ACD4B780071BF10 /* Frameworks */ = {
			isa = PBXFrameworksBuildPhase;
			buildActionMask = 2147483647;
			files = (
			);
			runOnlyForDeploymentPostprocessing = 0;
		};
/* End PBXFrameworksBuildPhase section */

/* Begin PBXGroup section */
		0B13B6582AE6869B00576845 /* View Model */ = {
			isa = PBXGroup;
			children = (
				0B13B6592AE686B700576845 /* AuthViewModel.swift */,
			);
			path = "View Model";
			sourceTree = "<group>";
		};
		0B1F6F0F2B0213EA005ACCBC /* View */ = {
			isa = PBXGroup;
			children = (
				D65637062AE0E00100C64FC1 /* WifiDetailsView.swift */,
				D65637202AE220D500C64FC1 /* WifiDetailsPopUpView.swift */,
			);
			path = View;
			sourceTree = "<group>";
		};
		0B1F6F102B0213F1005ACCBC /* View Model */ = {
			isa = PBXGroup;
			children = (
				D65637022AE0DF8F00C64FC1 /* WifiDetailsViewModel.swift */,
			);
			path = "View Model";
			sourceTree = "<group>";
		};
		0B2AF8E82AFE37D800572762 /* View Model */ = {
			isa = PBXGroup;
			children = (
				AB7BEDDE2ACD7A8A0071BF10 /* PairingViewModel.swift */,
			);
			path = "View Model";
			sourceTree = "<group>";
		};
		0B7617AC2AFF562B00AF4975 /* Input Dose */ = {
			isa = PBXGroup;
			children = (
				0B7617AE2AFF569A00AF4975 /* View Model */,
				0B7617AD2AFF569500AF4975 /* View */,
			);
			path = "Input Dose";
			sourceTree = "<group>";
		};
		0B7617AD2AFF569500AF4975 /* View */ = {
			isa = PBXGroup;
			children = (
				ABE72E1E2AFE38AF008AF550 /* DoseView.swift */,
			);
			path = View;
			sourceTree = "<group>";
		};
		0B7617AE2AFF569A00AF4975 /* View Model */ = {
			isa = PBXGroup;
			children = (
				0B7617AF2AFF56B100AF4975 /* InhalerDoseViewModel.swift */,
			);
			path = "View Model";
			sourceTree = "<group>";
		};
		0B8007092AE23AA100ACBD71 /* Persistent Storage */ = {
			isa = PBXGroup;
			children = (
				0B8D60B32ADF9B450017445F /* UserDefaultsController.swift */,
			);
			path = "Persistent Storage";
			sourceTree = "<group>";
		};
		0B8D60792AD949140017445F /* Recovered References */ = {
			isa = PBXGroup;
			children = (
				3FF77A5A2ACEC53A001F6CC2 /* Test.swift */,
				3FF77A5C2ACEC53F001F6CC2 /* Test1.swift */,
				0B55DFE92AFA451A007BACCE /* CalendarViewModel.swift */,
			);
			name = "Recovered References";
			sourceTree = "<group>";
		};
		0B8D607A2AD949DD0017445F /* Failures */ = {
			isa = PBXGroup;
			children = (
				0BE97C9B2ACFFA67006A33AC /* Failure.swift */,
			);
			path = Failures;
			sourceTree = "<group>";
		};
		0B8D607E2AD94A7E0017445F /* Authentication */ = {
			isa = PBXGroup;
			children = (
				0B13B6582AE6869B00576845 /* View Model */,
				0B8D60882AD94B680017445F /* View */,
			);
			path = Authentication;
			sourceTree = "<group>";
		};
		0B8D607F2AD94A850017445F /* Inhaler Tab */ = {
			isa = PBXGroup;
			children = (
				0BEB44802AF1F08E00F4E614 /* View Model */,
				0B8D60872AD94B600017445F /* View */,
			);
			path = "Inhaler Tab";
			sourceTree = "<group>";
		};
		0B8D60802AD94AA70017445F /* Pair Device */ = {
			isa = PBXGroup;
			children = (
				0B2AF8E82AFE37D800572762 /* View Model */,
				0B8D60862AD94B540017445F /* View */,
			);
			path = "Pair Device";
			sourceTree = "<group>";
		};
		0B8D60812AD94ABE0017445F /* Analytics Tab */ = {
			isa = PBXGroup;
			children = (
				0B8D60852AD94B480017445F /* View */,
				AB6883F32AF8F350004A6E45 /* ViewModel */,
			);
			path = "Analytics Tab";
			sourceTree = "<group>";
		};
		0B8D60832AD94AD80017445F /* Onboarding */ = {
			isa = PBXGroup;
			children = (
				0B8D60842AD94B3C0017445F /* View */,
			);
			path = Onboarding;
			sourceTree = "<group>";
		};
		0B8D60842AD94B3C0017445F /* View */ = {
			isa = PBXGroup;
			children = (
				AB7BEDC52ACD500C0071BF10 /* OnboardingView.swift */,
				AB30CCC32B0775E00083703B /* PrivacyPolicyView.swift */,
				AB2F179F2B0B47F70046E2F0 /* TermsAndConditionsView.swift */,
				AB01C3CA2AD809B7008C3160 /* LottieView.swift */,
			);
			path = View;
			sourceTree = "<group>";
		};
		0B8D60852AD94B480017445F /* View */ = {
			isa = PBXGroup;
			children = (
				D63CF52E2AF7BE5400CCE0FD /* ChartView.swift */,
				D63CF5302AF88EB400CCE0FD /* TotalPuffPopUpView.swift */,
				D61C22B32AFA2B0F006B9058 /* BarView.swift */,
				D61C22B52AFA478B006B9058 /* FrequencyPickerView.swift */,
				D6EA617F2AFB9BB50019BA51 /* AnalyticsCardView.swift */,
				D61C22B12AF9D651006B9058 /* AnalyticsFilterView.swift */,
			);
			path = View;
			sourceTree = "<group>";
		};
		0B8D60862AD94B540017445F /* View */ = {
			isa = PBXGroup;
			children = (
				AB7BEDC72ACD51000071BF10 /* PairDeviceView.swift */,
				AB01C3CF2ADD1A72008C3160 /* StartPairingView.swift */,
				AB01C3D12ADD1A8D008C3160 /* ConnectToDeviceWifiView.swift */,
				AB01C3D32ADD1FA3008C3160 /* LoadingPairingView.swift */,
				AB01C3D52ADD21D0008C3160 /* SuccessPairingView.swift */,
				AB01C3D72ADD243F008C3160 /* FailedPairingView.swift */,
			);
			path = View;
			sourceTree = "<group>";
		};
		0B8D60872AD94B600017445F /* View */ = {
			isa = PBXGroup;
			children = (
				AB7BEDBD2ACD4C940071BF10 /* InhalerTabView.swift */,
				D608B06B2AFD0A4D00ECD179 /* RotatingCircleView.swift */,
			);
			path = View;
			sourceTree = "<group>";
		};
		0B8D60882AD94B680017445F /* View */ = {
			isa = PBXGroup;
			children = (
				AB7BEDD52ACD67720071BF10 /* LoginView.swift */,
				3F9BA85F2AE007A7001A2AE5 /* RegisterView.swift */,
			);
			path = View;
			sourceTree = "<group>";
		};
		0B8D60892AD94B870017445F /* Shared */ = {
			isa = PBXGroup;
			children = (
				0B8D60B72AE0BF4C0017445F /* Data */,
				0BE97CA52ACFFC21006A33AC /* Infrastructure */,
				0B8D608A2AD94B8D0017445F /* Presentation */,
			);
			path = Shared;
			sourceTree = "<group>";
		};
		0B8D608A2AD94B8D0017445F /* Presentation */ = {
			isa = PBXGroup;
			children = (
				0B7617B12AFF57D600AF4975 /* LoadingView.swift */,
				AB7BEDD12ACD56680071BF10 /* Component.swift */,
				AB7BEDD72ACD6F8C0071BF10 /* Router.swift */,
				3F9BA85D2AE00675001A2AE5 /* SignComponent.swift */,
				AB5CB3812ADFC81800A4C291 /* UserDevice.swift */,
			);
			path = Presentation;
			sourceTree = "<group>";
		};
		0B8D608B2AD94B9F0017445F /* Home */ = {
			isa = PBXGroup;
			children = (
				0B8D608C2AD94BA30017445F /* View */,
			);
			path = Home;
			sourceTree = "<group>";
		};
		0B8D608C2AD94BA30017445F /* View */ = {
			isa = PBXGroup;
			children = (
				AB7BED952ACD4B770071BF10 /* ContentView.swift */,
				AB7BEDE02ACD7E6C0071BF10 /* TabBarView.swift */,
			);
			path = View;
			sourceTree = "<group>";
		};
		0B8D60B72AE0BF4C0017445F /* Data */ = {
			isa = PBXGroup;
			children = (
				0B8D60B82AE0BF5A0017445F /* StateManager.swift */,
			);
			path = Data;
			sourceTree = "<group>";
		};
		0B9576322AD9345E0020F191 /* Utilities */ = {
			isa = PBXGroup;
			children = (
				0B9576332AD93DFF0020F191 /* DateFormatUtil.swift */,
			);
			path = Utilities;
			sourceTree = "<group>";
		};
		0BCD83C52AE1392300D111B0 /* ResponseDTO */ = {
			isa = PBXGroup;
			children = (
				0B8007052AE13F2A00ACBD71 /* KambuhResponseDTO+Mapping.swift */,
				0BCD83C32AE138BA00D111B0 /* UserResponseDTO+Mapping.swift */,
				0BCD83BB2AE0E81D00D111B0 /* UserLoginResponseDTO+Mapping.swift */,
				0B8007072AE13F3600ACBD71 /* IoTResponseDTO+Mapping.swift */,
				D65636FE2AE0D27F00C64FC1 /* MessageResponseDTO+Mapping.swift */,
				D63CF5342AF9BE8B00CCE0FD /* AnalyticsResponseDTO+Mapping.swift */,
				0BABE6322AF8DA1C00FB8A28 /* HomeDataResponseDTO+Mapping.swift */,
				0B55DFED2AFB82A5007BACCE /* KambuhByMonthResponseDTO+Mapping.swift */,
			);
			path = ResponseDTO;
			sourceTree = "<group>";
		};
		0BCD83C62AE1393A00D111B0 /* RequestDTO */ = {
			isa = PBXGroup;
			children = (
				3F9027B42AE1112E005011B3 /* UserRegisterRequestDTO+Mapping.swift */,
				0BCD83BF2AE11B8400D111B0 /* UserLoginRequestDTO+Mapping.swift */,
				3FDAE0932AF8705A00E0C696 /* ConditionRequestDTO.swift */,
				3F23D7C02AF8AFE400DF47AC /* DateRequestDTO.swift */,
			);
			path = RequestDTO;
			sourceTree = "<group>";
		};
		0BE97C8D2ACFF468006A33AC /* Interfaces */ = {
			isa = PBXGroup;
			children = (
				0BE97C8E2ACFF470006A33AC /* Repositories */,
			);
			path = Interfaces;
			sourceTree = "<group>";
		};
		0BE97C8E2ACFF470006A33AC /* Repositories */ = {
			isa = PBXGroup;
			children = (
				0BE97C972ACFF4D0006A33AC /* KambuhRepository.swift */,
				0BCD83B72AE0E26500D111B0 /* UserRepository.swift */,
				0B8D60A52ADD4A9C0017445F /* IoTRepository.swift */,
				D63CF5362AF9BF3700CCE0FD /* AnalyticsRepository.swift */,
				D65637002AE0D3CD00C64FC1 /* WifiDetailsRepository.swift */,
				0BABE62E2AF8D7CF00FB8A28 /* HomepageRepository.swift */,
				0B2AF8EF2AFE397500572762 /* InhalerRepository.swift */,
			);
			path = Repositories;
			sourceTree = "<group>";
		};
		0BE97C8F2ACFF477006A33AC /* Usecases */ = {
			isa = PBXGroup;
			children = (
				0BABE62A2AF8D71200FB8A28 /* GetHomeData.swift */,
				0B2AF8EB2AFE392A00572762 /* UpdateInhalerDose.swift */,
				0BE97C952ACFF4A9006A33AC /* GetKambuhData.swift */,
				0BE97CB52AD7F037006A33AC /* GetKambuhDataById.swift */,
				3FDAE0912AF4980100E0C696 /* UpdateKambuhCondition.swift */,
				0B55DFEB2AFB7FBD007BACCE /* GetKambuhByMonth.swift */,
				3F23D7BE2AF89BB200DF47AC /* GetKambuhByDate.swift */,
				3FDA76162AFC9C740096EA7D /* GetKambuhDataIfScaleAndTriggerIsNull.swift */,
				0BCD83BD2AE0F20300D111B0 /* LoginUser.swift */,
				3F9027B22AE0F866005011B3 /* RegisterUser.swift */,
				0BCD83B32AE0DCD300D111B0 /* PairInhaler.swift */,
				0BCD83B52AE0E0D200D111B0 /* UpdateUserInhaler.swift */,
				D6E6D6912ADFDC5D000C1A94 /* PostWifiDetails.swift */,
				D63CF5382AF9BF8A00CCE0FD /* GetAnalytics.swift */,
			);
			path = Usecases;
			sourceTree = "<group>";
		};
		0BE97C902ACFF48B006A33AC /* Entities */ = {
			isa = PBXGroup;
			children = (
				0BE97C912ACFF496006A33AC /* Kambuh.swift */,
				0B8D60AB2ADE309F0017445F /* Inhaler.swift */,
				0B8D60BA2AE0C0FC0017445F /* User.swift */,
				D6E6D68D2ADFDC06000C1A94 /* WifiDetails.swift */,
				D63CF5322AF9BE3C00CCE0FD /* Analytics.swift */,
				0BABE62C2AF8D73B00FB8A28 /* HomeData.swift */,
			);
			path = Entities;
			sourceTree = "<group>";
		};
		0BE97C992ACFFA53006A33AC /* Core */ = {
			isa = PBXGroup;
			children = (
				0B9576322AD9345E0020F191 /* Utilities */,
				0B8D607A2AD949DD0017445F /* Failures */,
			);
			path = Core;
			sourceTree = "<group>";
		};
		0BE97C9D2ACFFAFF006A33AC /* Repositories */ = {
			isa = PBXGroup;
			children = (
				0BE97C9F2ACFFB68006A33AC /* KambuhRepositoryImpl.swift */,
				0BCD83B92AE0E29600D111B0 /* UserRepositoryImpl.swift */,
				0B8D60A72ADD4C260017445F /* IoTRepositoryImpl.swift */,
				D6E6D6932ADFE1F3000C1A94 /* WifiDetailsRepositoryImpl.swift */,
				D63CF53A2AF9C05700CCE0FD /* AnalyticsRepositoryImpl.swift */,
				0BABE6302AF8D9BC00FB8A28 /* HomepageRepositoryImpl.swift */,
				0B2AF8ED2AFE396200572762 /* InhalerRepositoryImpl.swift */,
			);
			path = Repositories;
			sourceTree = "<group>";
		};
		0BE97CA32ACFFB9D006A33AC /* Network */ = {
			isa = PBXGroup;
			children = (
				0BE97CA42ACFFBA6006A33AC /* Data Mapping */,
				0BE97CB32AD7DD03006A33AC /* APIEndpoints.swift */,
			);
			path = Network;
			sourceTree = "<group>";
		};
		0BE97CA42ACFFBA6006A33AC /* Data Mapping */ = {
			isa = PBXGroup;
			children = (
				0BCD83C62AE1393A00D111B0 /* RequestDTO */,
				0BCD83C52AE1392300D111B0 /* ResponseDTO */,
			);
			path = "Data Mapping";
			sourceTree = "<group>";
		};
		0BE97CA52ACFFC21006A33AC /* Infrastructure */ = {
			isa = PBXGroup;
			children = (
				0BE97CA62ACFFC29006A33AC /* Network */,
			);
			path = Infrastructure;
			sourceTree = "<group>";
		};
		0BE97CA62ACFFC29006A33AC /* Network */ = {
			isa = PBXGroup;
			children = (
				0BE97CA82ACFFC44006A33AC /* DataTransferService.swift */,
				0BE97CAA2ACFFD16006A33AC /* Endpoint.swift */,
				0BE97CAC2AD00102006A33AC /* NetworkConfig.swift */,
				0BE97CAE2AD00607006A33AC /* NetworkService.swift */,
			);
			path = Network;
			sourceTree = "<group>";
		};
		0BEB44802AF1F08E00F4E614 /* View Model */ = {
			isa = PBXGroup;
			children = (
				0BEB44812AF1F09A00F4E614 /* InhalerTabViewModel.swift */,
			);
			path = "View Model";
			sourceTree = "<group>";
		};
		3FDAE08C2AF38BCB00E0C696 /* ConditionUpdate */ = {
			isa = PBXGroup;
			children = (
				3FDAE08D2AF38BE000E0C696 /* ViewModel */,
				3FDAE08E2AF38BE600E0C696 /* View */,
			);
			path = ConditionUpdate;
			sourceTree = "<group>";
		};
		3FDAE08D2AF38BE000E0C696 /* ViewModel */ = {
			isa = PBXGroup;
			children = (
				3F5A1ED02AF9042D00A3BB57 /* ConditionViewModel.swift */,
			);
			path = ViewModel;
			sourceTree = "<group>";
		};
		3FDAE08E2AF38BE600E0C696 /* View */ = {
			isa = PBXGroup;
			children = (
				3F5A1ED22AFA17C600A3BB57 /* UpdateConditionCard.swift */,
				3F5AC8242AFCB7A9006E2AF0 /* UpdateConditionView.swift */,
			);
			path = View;
			sourceTree = "<group>";
		};
		AB2F17A22B0B69000046E2F0 /* EditData */ = {
			isa = PBXGroup;
			children = (
				0BBBD9D32AFCF35C0075AE6D /* CalendarEditSheetView.swift */,
				0BBBD9D52AFD3E940075AE6D /* CalendarEditSheetDetailView.swift */,
				0BBBD9D72AFD45130075AE6D /* UpdateConditionFromCalendarView.swift */,
			);
			path = EditData;
			sourceTree = "<group>";
		};
		AB2F17A32B0B691D0046E2F0 /* ManualAdd */ = {
			isa = PBXGroup;
			children = (
			);
			path = ManualAdd;
			sourceTree = "<group>";
		};
		AB6883F32AF8F350004A6E45 /* ViewModel */ = {
			isa = PBXGroup;
			children = (
				D63CF53C2AF9C6FD00CCE0FD /* AnalyticsViewModel.swift */,
			);
			path = ViewModel;
			sourceTree = "<group>";
		};
		AB6883F72AFA25B3004A6E45 /* Calendar Tab */ = {
			isa = PBXGroup;
			children = (
				AB6883FB2AFA25F8004A6E45 /* ViewModel */,
				AB6883FA2AFA25F2004A6E45 /* View */,
			);
			path = "Calendar Tab";
			sourceTree = "<group>";
		};
		AB6883F92AFA25C4004A6E45 /* Profile Tab */ = {
			isa = PBXGroup;
			children = (
				AB2E2C092AFA2ECB00F5F6FC /* ProfileTabView.swift */,
			);
			path = "Profile Tab";
			sourceTree = "<group>";
		};
		AB6883FA2AFA25F2004A6E45 /* View */ = {
			isa = PBXGroup;
			children = (
				AB2E2C0B2AFA389A00F5F6FC /* CalendarTabView.swift */,
				3FFE00E42AFDD02A00069D48 /* CalendarMonthView.swift */,
				AB6883F42AF8F3B9004A6E45 /* CalendarSheetView.swift */,
				AB2F17A22B0B69000046E2F0 /* EditData */,
				AB2F17A32B0B691D0046E2F0 /* ManualAdd */,
			);
			path = View;
			sourceTree = "<group>";
		};
		AB6883FB2AFA25F8004A6E45 /* ViewModel */ = {
			isa = PBXGroup;
			children = (
				AB6883EA2AF8B804004A6E45 /* CalendarViewModel.swift */,
			);
			path = ViewModel;
			sourceTree = "<group>";
		};
		AB7BED872ACD4B770071BF10 = {
			isa = PBXGroup;
			children = (
				AB5CB3892ADFE2BE00A4C291 /* Localizable.strings */,
				AB7BED922ACD4B770071BF10 /* Poof */,
				AB7BEDA32ACD4B780071BF10 /* PoofTests */,
				AB7BEDAD2ACD4B780071BF10 /* PoofUITests */,
				AB7BED912ACD4B770071BF10 /* Products */,
				0B8D60792AD949140017445F /* Recovered References */,
			);
			sourceTree = "<group>";
		};
		AB7BED912ACD4B770071BF10 /* Products */ = {
			isa = PBXGroup;
			children = (
				AB7BED902ACD4B770071BF10 /* Poof.app */,
				AB7BEDA02ACD4B780071BF10 /* PoofTests.xctest */,
				AB7BEDAA2ACD4B780071BF10 /* PoofUITests.xctest */,
			);
			name = Products;
			sourceTree = "<group>";
		};
		AB7BED922ACD4B770071BF10 /* Poof */ = {
			isa = PBXGroup;
			children = (
				0B8D60892AD94B870017445F /* Shared */,
				0BE97C992ACFFA53006A33AC /* Core */,
				AB7BEDCC2ACD52940071BF10 /* Data */,
				AB7BEDCD2ACD529E0071BF10 /* Domain */,
				AB7BEDC92ACD524A0071BF10 /* Presentation */,
				AB7BEDCF2ACD52B80071BF10 /* Application */,
				AB7BEDCE2ACD52B20071BF10 /* Resources */,
				AB7BEDD02ACD53430071BF10 /* Preview Content */,
				0BE97CB72AD7F6EB006A33AC /* Info.plist */,
			);
			path = Poof;
			sourceTree = "<group>";
		};
		AB7BEDA32ACD4B780071BF10 /* PoofTests */ = {
			isa = PBXGroup;
			children = (
				AB7BEDA42ACD4B780071BF10 /* PoofTests.swift */,
			);
			path = PoofTests;
			sourceTree = "<group>";
		};
		AB7BEDAD2ACD4B780071BF10 /* PoofUITests */ = {
			isa = PBXGroup;
			children = (
				AB7BEDAE2ACD4B780071BF10 /* PoofUITests.swift */,
				AB7BEDB02ACD4B780071BF10 /* PoofUITestsLaunchTests.swift */,
			);
			path = PoofUITests;
			sourceTree = "<group>";
		};
		AB7BEDC92ACD524A0071BF10 /* Presentation */ = {
			isa = PBXGroup;
			children = (
				0B8D60832AD94AD80017445F /* Onboarding */,
				0B8D607E2AD94A7E0017445F /* Authentication */,
				0B8D60802AD94AA70017445F /* Pair Device */,
				D6E6D6892ADFD84C000C1A94 /* Wifi Configuration */,
				0B7617AC2AFF562B00AF4975 /* Input Dose */,
				0B8D608B2AD94B9F0017445F /* Home */,
				3FDAE08C2AF38BCB00E0C696 /* ConditionUpdate */,
				0B8D607F2AD94A850017445F /* Inhaler Tab */,
				AB6883F72AFA25B3004A6E45 /* Calendar Tab */,
				0B8D60812AD94ABE0017445F /* Analytics Tab */,
				AB6883F92AFA25C4004A6E45 /* Profile Tab */,
			);
			path = Presentation;
			sourceTree = "<group>";
		};
		AB7BEDCC2ACD52940071BF10 /* Data */ = {
			isa = PBXGroup;
			children = (
				0B8007092AE23AA100ACBD71 /* Persistent Storage */,
				0BE97CA32ACFFB9D006A33AC /* Network */,
				0BE97C9D2ACFFAFF006A33AC /* Repositories */,
			);
			path = Data;
			sourceTree = "<group>";
		};
		AB7BEDCD2ACD529E0071BF10 /* Domain */ = {
			isa = PBXGroup;
			children = (
				0BE97C902ACFF48B006A33AC /* Entities */,
				0BE97C8F2ACFF477006A33AC /* Usecases */,
				0BE97C8D2ACFF468006A33AC /* Interfaces */,
			);
			path = Domain;
			sourceTree = "<group>";
		};
		AB7BEDCE2ACD52B20071BF10 /* Resources */ = {
			isa = PBXGroup;
			children = (
				3F9B44EE2AD28B3800D8787C /* Color+Theme.swift */,
				AB7BEDD32ACD5ADD0071BF10 /* Font.swift */,
				AB7BED972ACD4B780071BF10 /* Assets.xcassets */,
			);
			path = Resources;
			sourceTree = "<group>";
		};
		AB7BEDCF2ACD52B80071BF10 /* Application */ = {
			isa = PBXGroup;
			children = (
				AB7BED932ACD4B770071BF10 /* PoofApp.swift */,
				0BE97CBA2AD808F2006A33AC /* AppConfiguration.swift */,
			);
			path = Application;
			sourceTree = "<group>";
		};
		AB7BEDD02ACD53430071BF10 /* Preview Content */ = {
			isa = PBXGroup;
			children = (
				AB7BED9A2ACD4B780071BF10 /* Preview Assets.xcassets */,
			);
			path = "Preview Content";
			sourceTree = "<group>";
		};
		D6E6D6892ADFD84C000C1A94 /* Wifi Configuration */ = {
			isa = PBXGroup;
			children = (
				0B1F6F102B0213F1005ACCBC /* View Model */,
				0B1F6F0F2B0213EA005ACCBC /* View */,
			);
			path = "Wifi Configuration";
			sourceTree = "<group>";
		};
/* End PBXGroup section */

/* Begin PBXNativeTarget section */
		AB7BED8F2ACD4B770071BF10 /* Poof */ = {
			isa = PBXNativeTarget;
			buildConfigurationList = AB7BEDB42ACD4B780071BF10 /* Build configuration list for PBXNativeTarget "Poof" */;
			buildPhases = (
				AB7BED8C2ACD4B770071BF10 /* Sources */,
				AB7BED8D2ACD4B770071BF10 /* Frameworks */,
				AB7BED8E2ACD4B770071BF10 /* Resources */,
			);
			buildRules = (
			);
			dependencies = (
			);
			name = Poof;
			packageProductDependencies = (
				AB01C3CD2AD80A4D008C3160 /* Lottie */,
			);
			productName = Poof;
			productReference = AB7BED902ACD4B770071BF10 /* Poof.app */;
			productType = "com.apple.product-type.application";
		};
		AB7BED9F2ACD4B780071BF10 /* PoofTests */ = {
			isa = PBXNativeTarget;
			buildConfigurationList = AB7BEDB72ACD4B780071BF10 /* Build configuration list for PBXNativeTarget "PoofTests" */;
			buildPhases = (
				AB7BED9C2ACD4B780071BF10 /* Sources */,
				AB7BED9D2ACD4B780071BF10 /* Frameworks */,
				AB7BED9E2ACD4B780071BF10 /* Resources */,
			);
			buildRules = (
			);
			dependencies = (
				AB7BEDA22ACD4B780071BF10 /* PBXTargetDependency */,
			);
			name = PoofTests;
			productName = PoofTests;
			productReference = AB7BEDA02ACD4B780071BF10 /* PoofTests.xctest */;
			productType = "com.apple.product-type.bundle.unit-test";
		};
		AB7BEDA92ACD4B780071BF10 /* PoofUITests */ = {
			isa = PBXNativeTarget;
			buildConfigurationList = AB7BEDBA2ACD4B780071BF10 /* Build configuration list for PBXNativeTarget "PoofUITests" */;
			buildPhases = (
				AB7BEDA62ACD4B780071BF10 /* Sources */,
				AB7BEDA72ACD4B780071BF10 /* Frameworks */,
				AB7BEDA82ACD4B780071BF10 /* Resources */,
			);
			buildRules = (
			);
			dependencies = (
				AB7BEDAC2ACD4B780071BF10 /* PBXTargetDependency */,
			);
			name = PoofUITests;
			productName = PoofUITests;
			productReference = AB7BEDAA2ACD4B780071BF10 /* PoofUITests.xctest */;
			productType = "com.apple.product-type.bundle.ui-testing";
		};
/* End PBXNativeTarget section */

/* Begin PBXProject section */
		AB7BED882ACD4B770071BF10 /* Project object */ = {
			isa = PBXProject;
			attributes = {
				BuildIndependentTargetsInParallel = 1;
				LastSwiftUpdateCheck = 1500;
				LastUpgradeCheck = 1500;
				TargetAttributes = {
					AB7BED8F2ACD4B770071BF10 = {
						CreatedOnToolsVersion = 15.0;
					};
					AB7BED9F2ACD4B780071BF10 = {
						CreatedOnToolsVersion = 15.0;
						TestTargetID = AB7BED8F2ACD4B770071BF10;
					};
					AB7BEDA92ACD4B780071BF10 = {
						CreatedOnToolsVersion = 15.0;
						TestTargetID = AB7BED8F2ACD4B770071BF10;
					};
				};
			};
			buildConfigurationList = AB7BED8B2ACD4B770071BF10 /* Build configuration list for PBXProject "Poof" */;
			compatibilityVersion = "Xcode 14.0";
			developmentRegion = id;
			hasScannedForEncodings = 0;
			knownRegions = (
				en,
				id,
			);
			mainGroup = AB7BED872ACD4B770071BF10;
			packageReferences = (
				AB01C3CC2AD80A4D008C3160 /* XCRemoteSwiftPackageReference "lottie-ios" */,
			);
			productRefGroup = AB7BED912ACD4B770071BF10 /* Products */;
			projectDirPath = "";
			projectRoot = "";
			targets = (
				AB7BED8F2ACD4B770071BF10 /* Poof */,
				AB7BED9F2ACD4B780071BF10 /* PoofTests */,
				AB7BEDA92ACD4B780071BF10 /* PoofUITests */,
			);
		};
/* End PBXProject section */

/* Begin PBXResourcesBuildPhase section */
		AB7BED8E2ACD4B770071BF10 /* Resources */ = {
			isa = PBXResourcesBuildPhase;
			buildActionMask = 2147483647;
			files = (
				AB7BED9B2ACD4B780071BF10 /* Preview Assets.xcassets in Resources */,
				AB5CB3872ADFE2BE00A4C291 /* Localizable.strings in Resources */,
				AB7BED982ACD4B780071BF10 /* Assets.xcassets in Resources */,
			);
			runOnlyForDeploymentPostprocessing = 0;
		};
		AB7BED9E2ACD4B780071BF10 /* Resources */ = {
			isa = PBXResourcesBuildPhase;
			buildActionMask = 2147483647;
			files = (
				ABB5FE6F2AE6812400227E43 /* Localizable.strings in Resources */,
			);
			runOnlyForDeploymentPostprocessing = 0;
		};
		AB7BEDA82ACD4B780071BF10 /* Resources */ = {
			isa = PBXResourcesBuildPhase;
			buildActionMask = 2147483647;
			files = (
				ABB5FE702AE6812500227E43 /* Localizable.strings in Resources */,
			);
			runOnlyForDeploymentPostprocessing = 0;
		};
/* End PBXResourcesBuildPhase section */

/* Begin PBXSourcesBuildPhase section */
		AB7BED8C2ACD4B770071BF10 /* Sources */ = {
			isa = PBXSourcesBuildPhase;
			buildActionMask = 2147483647;
			files = (
				0BD889442AFA28D200B70F39 /* IoTRepositoryImpl.swift in Sources */,
				0BD889432AFA28CC00B70F39 /* RegisterUser.swift in Sources */,
				0BCD83BE2AE0F20300D111B0 /* LoginUser.swift in Sources */,
				D63CF5312AF88EB400CCE0FD /* TotalPuffPopUpView.swift in Sources */,
				D63CF5372AF9BF3700CCE0FD /* AnalyticsRepository.swift in Sources */,
				D6EA61802AFB9BB50019BA51 /* AnalyticsCardView.swift in Sources */,
				0B8D60B42ADF9B450017445F /* UserDefaultsController.swift in Sources */,
				3F5A1ED32AFA17C600A3BB57 /* UpdateConditionCard.swift in Sources */,
				0BE97CA92ACFFC44006A33AC /* DataTransferService.swift in Sources */,
				0BABE62D2AF8D73B00FB8A28 /* HomeData.swift in Sources */,
				AB5CB3822ADFC81800A4C291 /* UserDevice.swift in Sources */,
				0B2AF8F02AFE397500572762 /* InhalerRepository.swift in Sources */,
				0BCD83C42AE138BA00D111B0 /* UserResponseDTO+Mapping.swift in Sources */,
				AB01C3D02ADD1A72008C3160 /* StartPairingView.swift in Sources */,
				AB7BEDBE2ACD4C940071BF10 /* InhalerTabView.swift in Sources */,
				0B55DFEE2AFB82A5007BACCE /* KambuhByMonthResponseDTO+Mapping.swift in Sources */,
				3F9B44EF2AD28B3800D8787C /* Color+Theme.swift in Sources */,
				AB7BEDD22ACD56680071BF10 /* Component.swift in Sources */,
				AB7BEDD42ACD5ADD0071BF10 /* Font.swift in Sources */,
				0BCD83BC2AE0E81D00D111B0 /* UserLoginResponseDTO+Mapping.swift in Sources */,
				0BE97CAD2AD00102006A33AC /* NetworkConfig.swift in Sources */,
				0B8D60B92AE0BF5A0017445F /* StateManager.swift in Sources */,
				0BCD83B62AE0E0D200D111B0 /* UpdateUserInhaler.swift in Sources */,
				0BCD83B82AE0E26500D111B0 /* UserRepository.swift in Sources */,
				3F23D7BF2AF89BB200DF47AC /* GetKambuhByDate.swift in Sources */,
				0BE97CA02ACFFB68006A33AC /* KambuhRepositoryImpl.swift in Sources */,
				D6E6D68E2ADFDC06000C1A94 /* WifiDetails.swift in Sources */,
				D65637032AE0DF8F00C64FC1 /* WifiDetailsViewModel.swift in Sources */,
				3FDA76172AFC9C740096EA7D /* GetKambuhDataIfScaleAndTriggerIsNull.swift in Sources */,
				AB01C3D62ADD21D0008C3160 /* SuccessPairingView.swift in Sources */,
				3FDAE0942AF8705A00E0C696 /* ConditionRequestDTO.swift in Sources */,
				0BE97C922ACFF496006A33AC /* Kambuh.swift in Sources */,
				AB7BEDD82ACD6F8C0071BF10 /* Router.swift in Sources */,
				D63CF5392AF9BF8A00CCE0FD /* GetAnalytics.swift in Sources */,
				0B2AF8EE2AFE396200572762 /* InhalerRepositoryImpl.swift in Sources */,
				0B8D60AC2ADE309F0017445F /* Inhaler.swift in Sources */,
				0BE97CAF2AD00607006A33AC /* NetworkService.swift in Sources */,
				0B7617B02AFF56B100AF4975 /* InhalerDoseViewModel.swift in Sources */,
				D6E6D6942ADFE1F3000C1A94 /* WifiDetailsRepositoryImpl.swift in Sources */,
				AB7BED962ACD4B770071BF10 /* ContentView.swift in Sources */,
				AB7BED942ACD4B770071BF10 /* PoofApp.swift in Sources */,
				0BE97C982ACFF4D0006A33AC /* KambuhRepository.swift in Sources */,
				0B9576342AD93DFF0020F191 /* DateFormatUtil.swift in Sources */,
				AB01C3D82ADD243F008C3160 /* FailedPairingView.swift in Sources */,
				D6E6D6922ADFDC5D000C1A94 /* PostWifiDetails.swift in Sources */,
				D63CF52F2AF7BE5400CCE0FD /* ChartView.swift in Sources */,
				0B8007062AE13F2A00ACBD71 /* KambuhResponseDTO+Mapping.swift in Sources */,
				AB01C3CB2AD809B7008C3160 /* LottieView.swift in Sources */,
				AB7BEDE12ACD7E6C0071BF10 /* TabBarView.swift in Sources */,
				AB7BEDDF2ACD7A8A0071BF10 /* PairingViewModel.swift in Sources */,
				0B8D60A62ADD4A9C0017445F /* IoTRepository.swift in Sources */,
				AB30CCC42B0775E00083703B /* PrivacyPolicyView.swift in Sources */,
				AB6883F52AF8F3B9004A6E45 /* CalendarSheetView.swift in Sources */,
				3F5AC8252AFCB7A9006E2AF0 /* UpdateConditionView.swift in Sources */,
				AB6883EB2AF8B804004A6E45 /* CalendarViewModel.swift in Sources */,
				AB7BEDD62ACD67720071BF10 /* LoginView.swift in Sources */,
				0BEB44822AF1F09A00F4E614 /* InhalerTabViewModel.swift in Sources */,
				0B8007082AE13F3600ACBD71 /* IoTResponseDTO+Mapping.swift in Sources */,
				3F23D7C12AF8AFE400DF47AC /* DateRequestDTO.swift in Sources */,
				0BABE6332AF8DA1C00FB8A28 /* HomeDataResponseDTO+Mapping.swift in Sources */,
				0BBBD9D62AFD3E940075AE6D /* CalendarEditSheetDetailView.swift in Sources */,
				0BABE62F2AF8D7CF00FB8A28 /* HomepageRepository.swift in Sources */,
				AB2F17A02B0B47F70046E2F0 /* TermsAndConditionsView.swift in Sources */,
				D65637012AE0D3CD00C64FC1 /* WifiDetailsRepository.swift in Sources */,
				0BABE6312AF8D9BC00FB8A28 /* HomepageRepositoryImpl.swift in Sources */,
				AB01C3D42ADD1FA3008C3160 /* LoadingPairingView.swift in Sources */,
				0BABE62B2AF8D71200FB8A28 /* GetHomeData.swift in Sources */,
				AB7BEDC82ACD51000071BF10 /* PairDeviceView.swift in Sources */,
				0BE97CBB2AD808F2006A33AC /* AppConfiguration.swift in Sources */,
				D608B06C2AFD0A4D00ECD179 /* RotatingCircleView.swift in Sources */,
				0BE97CB42AD7DD03006A33AC /* APIEndpoints.swift in Sources */,
				3F9BA8602AE007A7001A2AE5 /* RegisterView.swift in Sources */,
				D61C22B22AF9D651006B9058 /* AnalyticsFilterView.swift in Sources */,
				AB01C3D22ADD1A8D008C3160 /* ConnectToDeviceWifiView.swift in Sources */,
				D63CF53D2AF9C6FD00CCE0FD /* AnalyticsViewModel.swift in Sources */,
				D61C22B42AFA2B0F006B9058 /* BarView.swift in Sources */,
				D63CF53B2AF9C05700CCE0FD /* AnalyticsRepositoryImpl.swift in Sources */,
				D63CF5352AF9BE8B00CCE0FD /* AnalyticsResponseDTO+Mapping.swift in Sources */,
				0B13B65A2AE686B700576845 /* AuthViewModel.swift in Sources */,
				0BBBD9D42AFCF35C0075AE6D /* CalendarEditSheetView.swift in Sources */,
				3F9027B52AE1112E005011B3 /* UserRegisterRequestDTO+Mapping.swift in Sources */,
				0BCD83C02AE11B8400D111B0 /* UserLoginRequestDTO+Mapping.swift in Sources */,
				0BE97C962ACFF4A9006A33AC /* GetKambuhData.swift in Sources */,
				D65636FF2AE0D27F00C64FC1 /* MessageResponseDTO+Mapping.swift in Sources */,
				AB2E2C0A2AFA2ECB00F5F6FC /* ProfileTabView.swift in Sources */,
				D65637072AE0E00100C64FC1 /* WifiDetailsView.swift in Sources */,
				AB2E2C0C2AFA389A00F5F6FC /* CalendarTabView.swift in Sources */,
				0B7617B22AFF57D600AF4975 /* LoadingView.swift in Sources */,
				ABE72E1F2AFE38AF008AF550 /* DoseView.swift in Sources */,
				0BE97C9C2ACFFA67006A33AC /* Failure.swift in Sources */,
				0B8D60BB2AE0C0FC0017445F /* User.swift in Sources */,
				0BE97CAB2ACFFD16006A33AC /* Endpoint.swift in Sources */,
				0BCD83BA2AE0E29600D111B0 /* UserRepositoryImpl.swift in Sources */,
				0BE97CB62AD7F037006A33AC /* GetKambuhDataById.swift in Sources */,
				3F9BA85E2AE00675001A2AE5 /* SignComponent.swift in Sources */,
				0B55DFEC2AFB7FBD007BACCE /* GetKambuhByMonth.swift in Sources */,
				3FDAE0922AF4980100E0C696 /* UpdateKambuhCondition.swift in Sources */,
				0BCD83B42AE0DCD300D111B0 /* PairInhaler.swift in Sources */,
				0BBBD9D82AFD45130075AE6D /* UpdateConditionFromCalendarView.swift in Sources */,
				AB7BEDC62ACD500C0071BF10 /* OnboardingView.swift in Sources */,
				D65637212AE220D500C64FC1 /* WifiDetailsPopUpView.swift in Sources */,
				0B2AF8EC2AFE392A00572762 /* UpdateInhalerDose.swift in Sources */,
				D63CF5332AF9BE3C00CCE0FD /* Analytics.swift in Sources */,
				D61C22B62AFA478B006B9058 /* FrequencyPickerView.swift in Sources */,
				3F5A1ED12AF9042D00A3BB57 /* ConditionViewModel.swift in Sources */,
				3FFE00E52AFDD02A00069D48 /* CalendarMonthView.swift in Sources */,
			);
			runOnlyForDeploymentPostprocessing = 0;
		};
		AB7BED9C2ACD4B780071BF10 /* Sources */ = {
			isa = PBXSourcesBuildPhase;
			buildActionMask = 2147483647;
			files = (
				AB7BEDA52ACD4B780071BF10 /* PoofTests.swift in Sources */,
			);
			runOnlyForDeploymentPostprocessing = 0;
		};
		AB7BEDA62ACD4B780071BF10 /* Sources */ = {
			isa = PBXSourcesBuildPhase;
			buildActionMask = 2147483647;
			files = (
				AB7BEDB12ACD4B780071BF10 /* PoofUITestsLaunchTests.swift in Sources */,
				AB7BEDAF2ACD4B780071BF10 /* PoofUITests.swift in Sources */,
			);
			runOnlyForDeploymentPostprocessing = 0;
		};
/* End PBXSourcesBuildPhase section */

/* Begin PBXTargetDependency section */
		AB7BEDA22ACD4B780071BF10 /* PBXTargetDependency */ = {
			isa = PBXTargetDependency;
			target = AB7BED8F2ACD4B770071BF10 /* Poof */;
			targetProxy = AB7BEDA12ACD4B780071BF10 /* PBXContainerItemProxy */;
		};
		AB7BEDAC2ACD4B780071BF10 /* PBXTargetDependency */ = {
			isa = PBXTargetDependency;
			target = AB7BED8F2ACD4B770071BF10 /* Poof */;
			targetProxy = AB7BEDAB2ACD4B780071BF10 /* PBXContainerItemProxy */;
		};
/* End PBXTargetDependency section */

/* Begin PBXVariantGroup section */
		AB5CB3892ADFE2BE00A4C291 /* Localizable.strings */ = {
			isa = PBXVariantGroup;
			children = (
				AB5CB3882ADFE2BE00A4C291 /* en */,
				AB5CB38A2ADFE2C200A4C291 /* id */,
			);
			name = Localizable.strings;
			sourceTree = "<group>";
		};
/* End PBXVariantGroup section */

/* Begin XCBuildConfiguration section */
		AB7BEDB22ACD4B780071BF10 /* Debug */ = {
			isa = XCBuildConfiguration;
			buildSettings = {
				ALWAYS_SEARCH_USER_PATHS = NO;
				ASSETCATALOG_COMPILER_GENERATE_SWIFT_ASSET_SYMBOL_EXTENSIONS = YES;
				CLANG_ANALYZER_NONNULL = YES;
				CLANG_ANALYZER_NUMBER_OBJECT_CONVERSION = YES_AGGRESSIVE;
				CLANG_CXX_LANGUAGE_STANDARD = "gnu++20";
				CLANG_ENABLE_MODULES = YES;
				CLANG_ENABLE_OBJC_ARC = YES;
				CLANG_ENABLE_OBJC_WEAK = YES;
				CLANG_WARN_BLOCK_CAPTURE_AUTORELEASING = YES;
				CLANG_WARN_BOOL_CONVERSION = YES;
				CLANG_WARN_COMMA = YES;
				CLANG_WARN_CONSTANT_CONVERSION = YES;
				CLANG_WARN_DEPRECATED_OBJC_IMPLEMENTATIONS = YES;
				CLANG_WARN_DIRECT_OBJC_ISA_USAGE = YES_ERROR;
				CLANG_WARN_DOCUMENTATION_COMMENTS = YES;
				CLANG_WARN_EMPTY_BODY = YES;
				CLANG_WARN_ENUM_CONVERSION = YES;
				CLANG_WARN_INFINITE_RECURSION = YES;
				CLANG_WARN_INT_CONVERSION = YES;
				CLANG_WARN_NON_LITERAL_NULL_CONVERSION = YES;
				CLANG_WARN_OBJC_IMPLICIT_RETAIN_SELF = YES;
				CLANG_WARN_OBJC_LITERAL_CONVERSION = YES;
				CLANG_WARN_OBJC_ROOT_CLASS = YES_ERROR;
				CLANG_WARN_QUOTED_INCLUDE_IN_FRAMEWORK_HEADER = YES;
				CLANG_WARN_RANGE_LOOP_ANALYSIS = YES;
				CLANG_WARN_STRICT_PROTOTYPES = YES;
				CLANG_WARN_SUSPICIOUS_MOVE = YES;
				CLANG_WARN_UNGUARDED_AVAILABILITY = YES_AGGRESSIVE;
				CLANG_WARN_UNREACHABLE_CODE = YES;
				CLANG_WARN__DUPLICATE_METHOD_MATCH = YES;
				COPY_PHASE_STRIP = NO;
				DEBUG_INFORMATION_FORMAT = dwarf;
				ENABLE_STRICT_OBJC_MSGSEND = YES;
				ENABLE_TESTABILITY = YES;
				ENABLE_USER_SCRIPT_SANDBOXING = YES;
				GCC_C_LANGUAGE_STANDARD = gnu17;
				GCC_DYNAMIC_NO_PIC = NO;
				GCC_NO_COMMON_BLOCKS = YES;
				GCC_OPTIMIZATION_LEVEL = 0;
				GCC_PREPROCESSOR_DEFINITIONS = (
					"DEBUG=1",
					"$(inherited)",
				);
				GCC_WARN_64_TO_32_BIT_CONVERSION = YES;
				GCC_WARN_ABOUT_RETURN_TYPE = YES_ERROR;
				GCC_WARN_UNDECLARED_SELECTOR = YES;
				GCC_WARN_UNINITIALIZED_AUTOS = YES_AGGRESSIVE;
				GCC_WARN_UNUSED_FUNCTION = YES;
				GCC_WARN_UNUSED_VARIABLE = YES;
				IPHONEOS_DEPLOYMENT_TARGET = 17.0;
				LOCALIZATION_PREFERS_STRING_CATALOGS = YES;
				MTL_ENABLE_DEBUG_INFO = INCLUDE_SOURCE;
				MTL_FAST_MATH = YES;
				ONLY_ACTIVE_ARCH = YES;
				SDKROOT = iphoneos;
				SWIFT_ACTIVE_COMPILATION_CONDITIONS = "DEBUG $(inherited)";
				SWIFT_OPTIMIZATION_LEVEL = "-Onone";
			};
			name = Debug;
		};
		AB7BEDB32ACD4B780071BF10 /* Release */ = {
			isa = XCBuildConfiguration;
			buildSettings = {
				ALWAYS_SEARCH_USER_PATHS = NO;
				ASSETCATALOG_COMPILER_GENERATE_SWIFT_ASSET_SYMBOL_EXTENSIONS = YES;
				CLANG_ANALYZER_NONNULL = YES;
				CLANG_ANALYZER_NUMBER_OBJECT_CONVERSION = YES_AGGRESSIVE;
				CLANG_CXX_LANGUAGE_STANDARD = "gnu++20";
				CLANG_ENABLE_MODULES = YES;
				CLANG_ENABLE_OBJC_ARC = YES;
				CLANG_ENABLE_OBJC_WEAK = YES;
				CLANG_WARN_BLOCK_CAPTURE_AUTORELEASING = YES;
				CLANG_WARN_BOOL_CONVERSION = YES;
				CLANG_WARN_COMMA = YES;
				CLANG_WARN_CONSTANT_CONVERSION = YES;
				CLANG_WARN_DEPRECATED_OBJC_IMPLEMENTATIONS = YES;
				CLANG_WARN_DIRECT_OBJC_ISA_USAGE = YES_ERROR;
				CLANG_WARN_DOCUMENTATION_COMMENTS = YES;
				CLANG_WARN_EMPTY_BODY = YES;
				CLANG_WARN_ENUM_CONVERSION = YES;
				CLANG_WARN_INFINITE_RECURSION = YES;
				CLANG_WARN_INT_CONVERSION = YES;
				CLANG_WARN_NON_LITERAL_NULL_CONVERSION = YES;
				CLANG_WARN_OBJC_IMPLICIT_RETAIN_SELF = YES;
				CLANG_WARN_OBJC_LITERAL_CONVERSION = YES;
				CLANG_WARN_OBJC_ROOT_CLASS = YES_ERROR;
				CLANG_WARN_QUOTED_INCLUDE_IN_FRAMEWORK_HEADER = YES;
				CLANG_WARN_RANGE_LOOP_ANALYSIS = YES;
				CLANG_WARN_STRICT_PROTOTYPES = YES;
				CLANG_WARN_SUSPICIOUS_MOVE = YES;
				CLANG_WARN_UNGUARDED_AVAILABILITY = YES_AGGRESSIVE;
				CLANG_WARN_UNREACHABLE_CODE = YES;
				CLANG_WARN__DUPLICATE_METHOD_MATCH = YES;
				COPY_PHASE_STRIP = NO;
				DEBUG_INFORMATION_FORMAT = "dwarf-with-dsym";
				ENABLE_NS_ASSERTIONS = NO;
				ENABLE_STRICT_OBJC_MSGSEND = YES;
				ENABLE_USER_SCRIPT_SANDBOXING = YES;
				GCC_C_LANGUAGE_STANDARD = gnu17;
				GCC_NO_COMMON_BLOCKS = YES;
				GCC_WARN_64_TO_32_BIT_CONVERSION = YES;
				GCC_WARN_ABOUT_RETURN_TYPE = YES_ERROR;
				GCC_WARN_UNDECLARED_SELECTOR = YES;
				GCC_WARN_UNINITIALIZED_AUTOS = YES_AGGRESSIVE;
				GCC_WARN_UNUSED_FUNCTION = YES;
				GCC_WARN_UNUSED_VARIABLE = YES;
				IPHONEOS_DEPLOYMENT_TARGET = 17.0;
				LOCALIZATION_PREFERS_STRING_CATALOGS = YES;
				MTL_ENABLE_DEBUG_INFO = NO;
				MTL_FAST_MATH = YES;
				SDKROOT = iphoneos;
				SWIFT_COMPILATION_MODE = wholemodule;
				VALIDATE_PRODUCT = YES;
			};
			name = Release;
		};
		AB7BEDB52ACD4B780071BF10 /* Debug */ = {
			isa = XCBuildConfiguration;
			buildSettings = {
				ASSETCATALOG_COMPILER_APPICON_NAME = AppIcon;
				ASSETCATALOG_COMPILER_GLOBAL_ACCENT_COLOR_NAME = AccentColor;
				CODE_SIGN_STYLE = Automatic;
				CURRENT_PROJECT_VERSION = 1;
				DEVELOPMENT_ASSET_PATHS = "\"Poof/Preview Content\"";
				DEVELOPMENT_TEAM = WML2Q26MG6;
				ENABLE_PREVIEWS = YES;
				GENERATE_INFOPLIST_FILE = YES;
				INFOPLIST_FILE = Poof/Info.plist;
				INFOPLIST_KEY_CFBundleDisplayName = AiroPuff;
				INFOPLIST_KEY_LSApplicationCategoryType = "public.app-category.healthcare-fitness";
				INFOPLIST_KEY_UIApplicationSceneManifest_Generation = YES;
				INFOPLIST_KEY_UIApplicationSupportsIndirectInputEvents = YES;
				INFOPLIST_KEY_UILaunchScreen_Generation = YES;
				INFOPLIST_KEY_UISupportedInterfaceOrientations = UIInterfaceOrientationPortrait;
				INFOPLIST_KEY_UISupportedInterfaceOrientations_iPad = "UIInterfaceOrientationLandscapeLeft UIInterfaceOrientationLandscapeRight UIInterfaceOrientationPortrait UIInterfaceOrientationPortraitUpsideDown";
				LD_RUNPATH_SEARCH_PATHS = (
					"$(inherited)",
					"@executable_path/Frameworks",
				);
				MARKETING_VERSION = 1.0;
				PRODUCT_BUNDLE_IDENTIFIER = "triple-u-consulting.macro";
				PRODUCT_NAME = "$(TARGET_NAME)";
				SWIFT_EMIT_LOC_STRINGS = YES;
				SWIFT_VERSION = 5.0;
				TARGETED_DEVICE_FAMILY = "1,2";
			};
			name = Debug;
		};
		AB7BEDB62ACD4B780071BF10 /* Release */ = {
			isa = XCBuildConfiguration;
			buildSettings = {
				ASSETCATALOG_COMPILER_APPICON_NAME = AppIcon;
				ASSETCATALOG_COMPILER_GLOBAL_ACCENT_COLOR_NAME = AccentColor;
				CODE_SIGN_STYLE = Automatic;
				CURRENT_PROJECT_VERSION = 1;
				DEVELOPMENT_ASSET_PATHS = "\"Poof/Preview Content\"";
				DEVELOPMENT_TEAM = WML2Q26MG6;
				ENABLE_PREVIEWS = YES;
				GENERATE_INFOPLIST_FILE = YES;
				INFOPLIST_FILE = Poof/Info.plist;
				INFOPLIST_KEY_CFBundleDisplayName = AiroPuff;
				INFOPLIST_KEY_LSApplicationCategoryType = "public.app-category.healthcare-fitness";
				INFOPLIST_KEY_UIApplicationSceneManifest_Generation = YES;
				INFOPLIST_KEY_UIApplicationSupportsIndirectInputEvents = YES;
				INFOPLIST_KEY_UILaunchScreen_Generation = YES;
				INFOPLIST_KEY_UISupportedInterfaceOrientations = UIInterfaceOrientationPortrait;
				INFOPLIST_KEY_UISupportedInterfaceOrientations_iPad = "UIInterfaceOrientationLandscapeLeft UIInterfaceOrientationLandscapeRight UIInterfaceOrientationPortrait UIInterfaceOrientationPortraitUpsideDown";
				LD_RUNPATH_SEARCH_PATHS = (
					"$(inherited)",
					"@executable_path/Frameworks",
				);
				MARKETING_VERSION = 1.0;
				PRODUCT_BUNDLE_IDENTIFIER = "triple-u-consulting.macro";
				PRODUCT_NAME = "$(TARGET_NAME)";
				SWIFT_EMIT_LOC_STRINGS = YES;
				SWIFT_VERSION = 5.0;
				TARGETED_DEVICE_FAMILY = "1,2";
			};
			name = Release;
		};
		AB7BEDB82ACD4B780071BF10 /* Debug */ = {
			isa = XCBuildConfiguration;
			buildSettings = {
				ALWAYS_EMBED_SWIFT_STANDARD_LIBRARIES = YES;
				BUNDLE_LOADER = "$(TEST_HOST)";
				CODE_SIGN_STYLE = Automatic;
				CURRENT_PROJECT_VERSION = 1;
				DEVELOPMENT_TEAM = BQAX36FGV5;
				GENERATE_INFOPLIST_FILE = YES;
				IPHONEOS_DEPLOYMENT_TARGET = 17.0;
				MARKETING_VERSION = 1.0;
				PRODUCT_BUNDLE_IDENTIFIER = MacroChallenge.PoofTests;
				PRODUCT_NAME = "$(TARGET_NAME)";
				SWIFT_EMIT_LOC_STRINGS = NO;
				SWIFT_VERSION = 5.0;
				TARGETED_DEVICE_FAMILY = "1,2";
				TEST_HOST = "$(BUILT_PRODUCTS_DIR)/Poof.app/$(BUNDLE_EXECUTABLE_FOLDER_PATH)/Poof";
			};
			name = Debug;
		};
		AB7BEDB92ACD4B780071BF10 /* Release */ = {
			isa = XCBuildConfiguration;
			buildSettings = {
				ALWAYS_EMBED_SWIFT_STANDARD_LIBRARIES = YES;
				BUNDLE_LOADER = "$(TEST_HOST)";
				CODE_SIGN_STYLE = Automatic;
				CURRENT_PROJECT_VERSION = 1;
				DEVELOPMENT_TEAM = BQAX36FGV5;
				GENERATE_INFOPLIST_FILE = YES;
				IPHONEOS_DEPLOYMENT_TARGET = 17.0;
				MARKETING_VERSION = 1.0;
				PRODUCT_BUNDLE_IDENTIFIER = MacroChallenge.PoofTests;
				PRODUCT_NAME = "$(TARGET_NAME)";
				SWIFT_EMIT_LOC_STRINGS = NO;
				SWIFT_VERSION = 5.0;
				TARGETED_DEVICE_FAMILY = "1,2";
				TEST_HOST = "$(BUILT_PRODUCTS_DIR)/Poof.app/$(BUNDLE_EXECUTABLE_FOLDER_PATH)/Poof";
			};
			name = Release;
		};
		AB7BEDBB2ACD4B780071BF10 /* Debug */ = {
			isa = XCBuildConfiguration;
			buildSettings = {
				ALWAYS_EMBED_SWIFT_STANDARD_LIBRARIES = YES;
				CODE_SIGN_STYLE = Automatic;
				CURRENT_PROJECT_VERSION = 1;
				DEVELOPMENT_TEAM = BQAX36FGV5;
				GENERATE_INFOPLIST_FILE = YES;
				MARKETING_VERSION = 1.0;
				PRODUCT_BUNDLE_IDENTIFIER = MacroChallenge.PoofUITests;
				PRODUCT_NAME = "$(TARGET_NAME)";
				SWIFT_EMIT_LOC_STRINGS = NO;
				SWIFT_VERSION = 5.0;
				TARGETED_DEVICE_FAMILY = "1,2";
				TEST_TARGET_NAME = Poof;
			};
			name = Debug;
		};
		AB7BEDBC2ACD4B780071BF10 /* Release */ = {
			isa = XCBuildConfiguration;
			buildSettings = {
				ALWAYS_EMBED_SWIFT_STANDARD_LIBRARIES = YES;
				CODE_SIGN_STYLE = Automatic;
				CURRENT_PROJECT_VERSION = 1;
				DEVELOPMENT_TEAM = BQAX36FGV5;
				GENERATE_INFOPLIST_FILE = YES;
				MARKETING_VERSION = 1.0;
				PRODUCT_BUNDLE_IDENTIFIER = MacroChallenge.PoofUITests;
				PRODUCT_NAME = "$(TARGET_NAME)";
				SWIFT_EMIT_LOC_STRINGS = NO;
				SWIFT_VERSION = 5.0;
				TARGETED_DEVICE_FAMILY = "1,2";
				TEST_TARGET_NAME = Poof;
			};
			name = Release;
		};
/* End XCBuildConfiguration section */

/* Begin XCConfigurationList section */
		AB7BED8B2ACD4B770071BF10 /* Build configuration list for PBXProject "Poof" */ = {
			isa = XCConfigurationList;
			buildConfigurations = (
				AB7BEDB22ACD4B780071BF10 /* Debug */,
				AB7BEDB32ACD4B780071BF10 /* Release */,
			);
			defaultConfigurationIsVisible = 0;
			defaultConfigurationName = Release;
		};
		AB7BEDB42ACD4B780071BF10 /* Build configuration list for PBXNativeTarget "Poof" */ = {
			isa = XCConfigurationList;
			buildConfigurations = (
				AB7BEDB52ACD4B780071BF10 /* Debug */,
				AB7BEDB62ACD4B780071BF10 /* Release */,
			);
			defaultConfigurationIsVisible = 0;
			defaultConfigurationName = Release;
		};
		AB7BEDB72ACD4B780071BF10 /* Build configuration list for PBXNativeTarget "PoofTests" */ = {
			isa = XCConfigurationList;
			buildConfigurations = (
				AB7BEDB82ACD4B780071BF10 /* Debug */,
				AB7BEDB92ACD4B780071BF10 /* Release */,
			);
			defaultConfigurationIsVisible = 0;
			defaultConfigurationName = Release;
		};
		AB7BEDBA2ACD4B780071BF10 /* Build configuration list for PBXNativeTarget "PoofUITests" */ = {
			isa = XCConfigurationList;
			buildConfigurations = (
				AB7BEDBB2ACD4B780071BF10 /* Debug */,
				AB7BEDBC2ACD4B780071BF10 /* Release */,
			);
			defaultConfigurationIsVisible = 0;
			defaultConfigurationName = Release;
		};
/* End XCConfigurationList section */

/* Begin XCRemoteSwiftPackageReference section */
		AB01C3CC2AD80A4D008C3160 /* XCRemoteSwiftPackageReference "lottie-ios" */ = {
			isa = XCRemoteSwiftPackageReference;
			repositoryURL = "https://github.com/airbnb/lottie-ios.git";
			requirement = {
				kind = upToNextMajorVersion;
				minimumVersion = 4.3.3;
			};
		};
/* End XCRemoteSwiftPackageReference section */

/* Begin XCSwiftPackageProductDependency section */
		AB01C3CD2AD80A4D008C3160 /* Lottie */ = {
			isa = XCSwiftPackageProductDependency;
			package = AB01C3CC2AD80A4D008C3160 /* XCRemoteSwiftPackageReference "lottie-ios" */;
			productName = Lottie;
		};
/* End XCSwiftPackageProductDependency section */
	};
	rootObject = AB7BED882ACD4B770071BF10 /* Project object */;
}
